
Microsoft Visual Studio Solution File, Format Version 12.00
# Visual Studio Version 17
VisualStudioVersion = 17.4.33103.184
MinimumVisualStudioVersion = 10.0.40219.1
Project("{8BC9CEB8-8B4A-11D0-8D11-00A0C91BC942}") = "navlib_viewer", "src\navlib_viewer.vcxproj", "{EE1FF228-4380-4A92-A523-E46D3CF36CF1}"
EndProject
Global
	GlobalSection(SolutionConfigurationPlatforms) = preSolution
		Debug|Win32 = Debug|Win32
		Debug|x64 = Debug|x64
		Release|Win32 = Release|Win32
		Release|x64 = Release|x64
	EndGlobalSection
	GlobalSection(ProjectConfigurationPlatforms) = postSolution
		{EE1FF228-4380-4A92-A523-E46D3CF36CF1}.Debug|Win32.ActiveCfg = Debug|Win32
		{EE1FF228-4380-4A92-A523-E46D3CF36CF1}.Debug|Win32.Build.0 = Debug|Win32
		{EE1FF228-4380-4A92-A523-E46D3CF36CF1}.Debug|x64.ActiveCfg = Debug|x64
		{EE1FF228-4380-4A92-A523-E46D3CF36CF1}.Debug|x64.Build.0 = Debug|x64
		{EE1FF228-4380-4A92-A523-E46D3CF36CF1}.Release|Win32.ActiveCfg = Release|Win32
		{EE1FF228-4380-4A92-A523-E46D3CF36CF1}.Release|Win32.Build.0 = Release|Win32
		{EE1FF228-4380-4A92-A523-E46D3CF36CF1}.Release|x64.ActiveCfg = Release|x64
		{EE1FF228-4380-4A92-A523-E46D3CF36CF1}.Release|x64.Build.0 = Release|x64
	EndGlobalSection
	GlobalSection(SolutionProperties) = preSolution
		HideSolutionNode = FALSE
	EndGlobalSection
	GlobalSection(ExtensibilityGlobals) = postSolution
		SolutionGuid = {892973E7-1D1D-45C5-919A-FF03F850BD8D}
	EndGlobalSection
EndGlobal
