<?xml version="1.0" encoding="utf-8"?>
<Project ToolsVersion="4.0" xmlns="http://schemas.microsoft.com/developer/msbuild/2003">
  <ItemGroup>
    <Filter Include="Source Files">
      <UniqueIdentifier>{4FC737F1-C7A5-4376-A066-2A32D752A2FF}</UniqueIdentifier>
      <Extensions>cpp;c;cc;cxx;c++;cppm;ixx;def;odl;idl;hpj;bat;asm;asmx</Extensions>
    </Filter>
    <Filter Include="Header Files">
      <UniqueIdentifier>{93995380-89BD-4b04-88EB-625FBE52EBFB}</UniqueIdentifier>
      <Extensions>h;hh;hpp;hxx;h++;hm;inl;inc;ipp;xsd</Extensions>
    </Filter>
    <Filter Include="Resource Files">
      <UniqueIdentifier>{67DA6AB6-F800-4c08-8B7A-83BB121AAD01}</UniqueIdentifier>
      <Extensions>rc;ico;cur;bmp;dlg;rc2;rct;bin;rgs;gif;jpg;jpeg;jpe;resx;tiff;tif;png;wav;mfcribbon-ms</Extensions>
    </Filter>
  </ItemGroup>
  <ItemGroup>
    <ClCompile Include="src\main.cpp">
      <Filter>Source Files</Filter>
    </ClCompile>
    <ClCompile Include="headers\libs\glad.c">
      <Filter>Source Files</Filter>
    </ClCompile>
    <ClCompile Include="src\engine\window.cpp">
      <Filter>Source Files</Filter>
    </ClCompile>
    <ClCompile Include="src\engine\input.cpp">
      <Filter>Source Files</Filter>
    </ClCompile>
    <ClCompile Include="src\engine\shader.cpp">
      <Filter>Source Files</Filter>
    </ClCompile>
    <ClCompile Include="src\engine\buffers.cpp">
      <Filter>Source Files</Filter>
    </ClCompile>
    <ClCompile Include="src\obj_loader.cpp">
      <Filter>Source Files</Filter>
    </ClCompile>
    <ClCompile Include="headers\libs\imgui\imgui.cpp">
      <Filter>Source Files</Filter>
    </ClCompile>
    <ClCompile Include="headers\libs\imgui\imgui_draw.cpp">
      <Filter>Source Files</Filter>
    </ClCompile>
    <ClCompile Include="headers\libs\imgui\imgui_tables.cpp">
      <Filter>Source Files</Filter>
    </ClCompile>
    <ClCompile Include="headers\libs\imgui\imgui_widgets.cpp">
      <Filter>Source Files</Filter>
    </ClCompile>
    <ClCompile Include="headers\libs\imgui\backends\imgui_impl_glfw.cpp">
      <Filter>Source Files</Filter>
    </ClCompile>
    <ClCompile Include="headers\libs\imgui\backends\imgui_impl_opengl3.cpp">
      <Filter>Source Files</Filter>
    </ClCompile>
    <ClCompile Include="headers\libs\portable-file-dialogs.h">
      <Filter>Source Files</Filter>
    </ClCompile>
    <ClCompile Include="src\scene_manager.cpp">
      <Filter>Source Files</Filter>
    </ClCompile>
    <ClCompile Include="src\cursor_presets.cpp">
      <Filter>Source Files</Filter>
    </ClCompile>
    <ClCompile Include="src\point_cloud_loader.cpp">
      <Filter>Source Files</Filter>
    </ClCompile>
    <ClCompile Include="headers\libs\zlib\adler32.c">
      <Filter>Source Files</Filter>
    </ClCompile>
    <ClCompile Include="headers\libs\zlib\compress.c">
      <Filter>Source Files</Filter>
    </ClCompile>
    <ClCompile Include="headers\libs\zlib\crc32.c">
      <Filter>Source Files</Filter>
    </ClCompile>
    <ClCompile Include="headers\libs\zlib\deflate.c">
      <Filter>Source Files</Filter>
    </ClCompile>
    <ClCompile Include="headers\libs\zlib\gzclose.c">
      <Filter>Source Files</Filter>
    </ClCompile>
    <ClCompile Include="headers\libs\zlib\gzlib.c">
      <Filter>Source Files</Filter>
    </ClCompile>
    <ClCompile Include="headers\libs\zlib\gzread.c">
      <Filter>Source Files</Filter>
    </ClCompile>
    <ClCompile Include="headers\libs\zlib\gzwrite.c">
      <Filter>Source Files</Filter>
    </ClCompile>
    <ClCompile Include="headers\libs\zlib\infback.c">
      <Filter>Source Files</Filter>
    </ClCompile>
    <ClCompile Include="headers\libs\zlib\inffast.c">
      <Filter>Source Files</Filter>
    </ClCompile>
    <ClCompile Include="headers\libs\zlib\inflate.c">
      <Filter>Source Files</Filter>
    </ClCompile>
    <ClCompile Include="headers\libs\zlib\inftrees.c">
      <Filter>Source Files</Filter>
    </ClCompile>
    <ClCompile Include="headers\libs\zlib\trees.c">
      <Filter>Source Files</Filter>
    </ClCompile>
    <ClCompile Include="headers\libs\zlib\uncompr.c">
      <Filter>Source Files</Filter>
    </ClCompile>
    <ClCompile Include="headers\libs\zlib\zutil.c">
      <Filter>Source Files</Filter>
    </ClCompile>
  </ItemGroup>
  <ItemGroup>
    <ClInclude Include="headers\core.h">
      <Filter>Header Files</Filter>
    </ClInclude>
    <ClInclude Include="headers\engine\window.h">
      <Filter>Header Files</Filter>
    </ClInclude>
    <ClInclude Include="headers\engine\shader.h">
      <Filter>Header Files</Filter>
    </ClInclude>
    <ClInclude Include="headers\engine\input.h">
      <Filter>Header Files</Filter>
    </ClInclude>
    <ClInclude Include="headers\engine\buffers.h">
      <Filter>Header Files</Filter>
    </ClInclude>
    <ClInclude Include="headers\engine\data.h">
      <Filter>Header Files</Filter>
    </ClInclude>
    <ClInclude Include="headers\libs\tiny_obj_loader.h">
      <Filter>Header Files</Filter>
    </ClInclude>
    <ClInclude Include="headers\Camera.h">
      <Filter>Header Files</Filter>
    </ClInclude>
    <ClInclude Include="headers\libs\stb_image.h">
      <Filter>Header Files</Filter>
    </ClInclude>
    <ClInclude Include="headers\libs\imgui\imconfig.h">
      <Filter>Header Files</Filter>
    </ClInclude>
    <ClInclude Include="headers\libs\imgui\imgui.h">
      <Filter>Header Files</Filter>
    </ClInclude>
    <ClInclude Include="headers\libs\imgui\imgui_internal.h">
      <Filter>Header Files</Filter>
    </ClInclude>
    <ClInclude Include="headers\libs\imgui\imstb_rectpack.h">
      <Filter>Header Files</Filter>
    </ClInclude>
    <ClInclude Include="headers\libs\imgui\imstb_textedit.h">
      <Filter>Header Files</Filter>
    </ClInclude>
    <ClInclude Include="headers\libs\imgui\imstb_truetype.h">
      <Filter>Header Files</Filter>
    </ClInclude>
    <ClInclude Include="headers\libs\imgui\backends\imgui_impl_glfw.h">
      <Filter>Header Files</Filter>
    </ClInclude>
    <ClInclude Include="headers\libs\imgui\backends\imgui_impl_opengl3.h">
      <Filter>Header Files</Filter>
    </ClInclude>
    <ClInclude Include="headers\libs\imgui\backends\imgui_impl_opengl3_loader.h">
      <Filter>Header Files</Filter>
    </ClInclude>
    <ClInclude Include="headers\libs\imgui\imgui_sytle.h">
      <Filter>Header Files</Filter>
    </ClInclude>
    <ClInclude Include="headers\obj_loader.h">
      <Filter>Header Files</Filter>
    </ClInclude>
    <ClInclude Include="headers\libs\json.h">
      <Filter>Header Files</Filter>
    </ClInclude>
    <ClInclude Include="headers\libs\imgui\imgui_incl.h">
      <Filter>Header Files</Filter>
    </ClInclude>
    <ClInclude Include="headers\scene_manager.h">
      <Filter>Header Files</Filter>
    </ClInclude>
    <ClInclude Include="headers\libs\openLinks.h">
      <Filter>Header Files</Filter>
    </ClInclude>
    <ClInclude Include="headers\cursor_presets.h">
      <Filter>Header Files</Filter>
    </ClInclude>
    <ClInclude Include="headers\point_cloud_loader.h">
      <Filter>Header Files</Filter>
    </ClInclude>
    <ClInclude Include="headers\libs\highfive\boost.hpp">
      <Filter>Header Files</Filter>
    </ClInclude>
    <ClInclude Include="headers\libs\highfive\eigen.hpp">
      <Filter>Header Files</Filter>
    </ClInclude>
    <ClInclude Include="headers\libs\highfive\H5Attribute.hpp">
      <Filter>Header Files</Filter>
    </ClInclude>
    <ClInclude Include="headers\libs\highfive\H5DataSet.hpp">
      <Filter>Header Files</Filter>
    </ClInclude>
    <ClInclude Include="headers\libs\highfive\H5DataSpace.hpp">
      <Filter>Header Files</Filter>
    </ClInclude>
    <ClInclude Include="headers\libs\highfive\H5DataType.hpp">
      <Filter>Header Files</Filter>
    </ClInclude>
    <ClInclude Include="headers\libs\highfive\H5Easy.hpp">
      <Filter>Header Files</Filter>
    </ClInclude>
    <ClInclude Include="headers\libs\highfive\H5Exception.hpp">
      <Filter>Header Files</Filter>
    </ClInclude>
    <ClInclude Include="headers\libs\highfive\H5File.hpp">
      <Filter>Header Files</Filter>
    </ClInclude>
    <ClInclude Include="headers\libs\highfive\H5Group.hpp">
      <Filter>Header Files</Filter>
    </ClInclude>
    <ClInclude Include="headers\libs\highfive\H5Object.hpp">
      <Filter>Header Files</Filter>
    </ClInclude>
    <ClInclude Include="headers\libs\highfive\H5PropertyList.hpp">
      <Filter>Header Files</Filter>
    </ClInclude>
    <ClInclude Include="headers\libs\highfive\H5Reference.hpp">
      <Filter>Header Files</Filter>
    </ClInclude>
    <ClInclude Include="headers\libs\highfive\H5Selection.hpp">
      <Filter>Header Files</Filter>
    </ClInclude>
    <ClInclude Include="headers\libs\highfive\H5Utility.hpp">
      <Filter>Header Files</Filter>
    </ClInclude>
    <ClInclude Include="headers\libs\highfive\H5Version.hpp">
      <Filter>Header Files</Filter>
    </ClInclude>
    <ClInclude Include="headers\libs\highfive\half_float.hpp">
      <Filter>Header Files</Filter>
    </ClInclude>
    <ClInclude Include="headers\libs\highfive\highfive.hpp">
      <Filter>Header Files</Filter>
    </ClInclude>
    <ClInclude Include="headers\libs\highfive\span.hpp">
      <Filter>Header Files</Filter>
    </ClInclude>
    <ClInclude Include="headers\libs\highfive\xtensor.hpp">
      <Filter>Header Files</Filter>
    </ClInclude>
    <ClInclude Include="headers\libs\highfive\h5easy_bits\default_io_impl.hpp">
      <Filter>Header Files</Filter>
    </ClInclude>
    <ClInclude Include="headers\libs\highfive\h5easy_bits\H5Easy_Eigen.hpp">
      <Filter>Header Files</Filter>
    </ClInclude>
    <ClInclude Include="headers\libs\highfive\h5easy_bits\H5Easy_misc.hpp">
      <Filter>Header Files</Filter>
    </ClInclude>
    <ClInclude Include="headers\libs\highfive\h5easy_bits\H5Easy_public.hpp">
      <Filter>Header Files</Filter>
    </ClInclude>
    <ClInclude Include="headers\libs\highfive\h5easy_bits\H5Easy_scalar.hpp">
      <Filter>Header Files</Filter>
    </ClInclude>
    <ClInclude Include="headers\libs\highfive\experimental\opencv.hpp">
      <Filter>Header Files</Filter>
    </ClInclude>
    <ClInclude Include="headers\libs\highfive\bits\assert_compatible_spaces.hpp">
      <Filter>Header Files</Filter>
    </ClInclude>
    <ClInclude Include="headers\libs\highfive\bits\compute_total_size.hpp">
      <Filter>Header Files</Filter>
    </ClInclude>
    <ClInclude Include="headers\libs\highfive\bits\convert_size_vector.hpp">
      <Filter>Header Files</Filter>
    </ClInclude>
    <ClInclude Include="headers\libs\highfive\bits\H5_definitions.hpp">
      <Filter>Header Files</Filter>
    </ClInclude>
    <ClInclude Include="headers\libs\highfive\bits\h5_wrapper.hpp">
      <Filter>Header Files</Filter>
    </ClInclude>
    <ClInclude Include="headers\libs\highfive\bits\h5a_wrapper.hpp">
      <Filter>Header Files</Filter>
    </ClInclude>
    <ClInclude Include="headers\libs\highfive\bits\H5Annotate_traits.hpp">
      <Filter>Header Files</Filter>
    </ClInclude>
    <ClInclude Include="headers\libs\highfive\bits\H5Annotate_traits_misc.hpp">
      <Filter>Header Files</Filter>
    </ClInclude>
    <ClInclude Include="headers\libs\highfive\bits\H5Attribute_misc.hpp">
      <Filter>Header Files</Filter>
    </ClInclude>
    <ClInclude Include="headers\libs\highfive\bits\H5Converter_misc.hpp">
      <Filter>Header Files</Filter>
    </ClInclude>
    <ClInclude Include="headers\libs\highfive\bits\h5d_wrapper.hpp">
      <Filter>Header Files</Filter>
    </ClInclude>
    <ClInclude Include="headers\libs\highfive\bits\H5DataSet_misc.hpp">
      <Filter>Header Files</Filter>
    </ClInclude>
    <ClInclude Include="headers\libs\highfive\bits\H5Dataspace_misc.hpp">
      <Filter>Header Files</Filter>
    </ClInclude>
    <ClInclude Include="headers\libs\highfive\bits\H5DataType_misc.hpp">
      <Filter>Header Files</Filter>
    </ClInclude>
    <ClInclude Include="headers\libs\highfive\bits\h5e_wrapper.hpp">
      <Filter>Header Files</Filter>
    </ClInclude>
    <ClInclude Include="headers\libs\highfive\bits\H5Exception_misc.hpp">
      <Filter>Header Files</Filter>
    </ClInclude>
    <ClInclude Include="headers\libs\highfive\bits\h5f_wrapper.hpp">
      <Filter>Header Files</Filter>
    </ClInclude>
    <ClInclude Include="headers\libs\highfive\bits\H5File_misc.hpp">
      <Filter>Header Files</Filter>
    </ClInclude>
    <ClInclude Include="headers\libs\highfive\bits\H5Friends.hpp">
      <Filter>Header Files</Filter>
    </ClInclude>
    <ClInclude Include="headers\libs\highfive\bits\h5g_wrapper.hpp">
      <Filter>Header Files</Filter>
    </ClInclude>
    <ClInclude Include="headers\libs\highfive\bits\h5i_wrapper.hpp">
      <Filter>Header Files</Filter>
    </ClInclude>
    <ClInclude Include="headers\libs\highfive\bits\H5Inspector_decl.hpp">
      <Filter>Header Files</Filter>
    </ClInclude>
    <ClInclude Include="headers\libs\highfive\bits\H5Inspector_misc.hpp">
      <Filter>Header Files</Filter>
    </ClInclude>
    <ClInclude Include="headers\libs\highfive\bits\H5Iterables_misc.hpp">
      <Filter>Header Files</Filter>
    </ClInclude>
    <ClInclude Include="headers\libs\highfive\bits\h5l_wrapper.hpp">
      <Filter>Header Files</Filter>
    </ClInclude>
    <ClInclude Include="headers\libs\highfive\bits\H5Node_traits.hpp">
      <Filter>Header Files</Filter>
    </ClInclude>
    <ClInclude Include="headers\libs\highfive\bits\H5Node_traits_misc.hpp">
      <Filter>Header Files</Filter>
    </ClInclude>
    <ClInclude Include="headers\libs\highfive\bits\h5o_wrapper.hpp">
      <Filter>Header Files</Filter>
    </ClInclude>
    <ClInclude Include="headers\libs\highfive\bits\H5Object_misc.hpp">
      <Filter>Header Files</Filter>
    </ClInclude>
    <ClInclude Include="headers\libs\highfive\bits\h5p_wrapper.hpp">
      <Filter>Header Files</Filter>
    </ClInclude>
    <ClInclude Include="headers\libs\highfive\bits\H5Path_traits.hpp">
      <Filter>Header Files</Filter>
    </ClInclude>
    <ClInclude Include="headers\libs\highfive\bits\H5Path_traits_misc.hpp">
      <Filter>Header Files</Filter>
    </ClInclude>
    <ClInclude Include="headers\libs\highfive\bits\H5PropertyList_misc.hpp">
      <Filter>Header Files</Filter>
    </ClInclude>
    <ClInclude Include="headers\libs\highfive\bits\h5r_wrapper.hpp">
      <Filter>Header Files</Filter>
    </ClInclude>
    <ClInclude Include="headers\libs\highfive\bits\H5ReadWrite_misc.hpp">
      <Filter>Header Files</Filter>
    </ClInclude>
    <ClInclude Include="headers\libs\highfive\bits\H5Reference_misc.hpp">
      <Filter>Header Files</Filter>
    </ClInclude>
    <ClInclude Include="headers\libs\highfive\bits\h5s_wrapper.hpp">
      <Filter>Header Files</Filter>
    </ClInclude>
    <ClInclude Include="headers\libs\highfive\bits\H5Selection_misc.hpp">
      <Filter>Header Files</Filter>
    </ClInclude>
    <ClInclude Include="headers\libs\highfive\bits\H5Slice_traits.hpp">
      <Filter>Header Files</Filter>
    </ClInclude>
    <ClInclude Include="headers\libs\highfive\bits\H5Slice_traits_misc.hpp">
      <Filter>Header Files</Filter>
    </ClInclude>
    <ClInclude Include="headers\libs\highfive\bits\h5t_wrapper.hpp">
      <Filter>Header Files</Filter>
    </ClInclude>
    <ClInclude Include="headers\libs\highfive\bits\H5Utils.hpp">
      <Filter>Header Files</Filter>
    </ClInclude>
    <ClInclude Include="headers\libs\highfive\bits\squeeze.hpp">
      <Filter>Header Files</Filter>
    </ClInclude>
    <ClInclude Include="headers\libs\highfive\bits\string_padding.hpp">
      <Filter>Header Files</Filter>
    </ClInclude>
    <ClInclude Include="headers\libs\zlib\crc32.h">
      <Filter>Header Files</Filter>
    </ClInclude>
    <ClInclude Include="headers\libs\zlib\deflate.h">
      <Filter>Header Files</Filter>
    </ClInclude>
    <ClInclude Include="headers\libs\zlib\gzguts.h">
      <Filter>Header Files</Filter>
    </ClInclude>
    <ClInclude Include="headers\libs\zlib\inffast.h">
      <Filter>Header Files</Filter>
    </ClInclude>
    <ClInclude Include="headers\libs\zlib\inffixed.h">
      <Filter>Header Files</Filter>
    </ClInclude>
    <ClInclude Include="headers\libs\zlib\inflate.h">
      <Filter>Header Files</Filter>
    </ClInclude>
    <ClInclude Include="headers\libs\zlib\inftrees.h">
      <Filter>Header Files</Filter>
    </ClInclude>
    <ClInclude Include="headers\libs\zlib\trees.h">
      <Filter>Header Files</Filter>
    </ClInclude>
    <ClInclude Include="headers\libs\zlib\zconf.h">
      <Filter>Header Files</Filter>
    </ClInclude>
    <ClInclude Include="headers\libs\zlib\zlib.h">
      <Filter>Header Files</Filter>
    </ClInclude>
    <ClInclude Include="headers\libs\zlib\zutil.h">
      <Filter>Header Files</Filter>
    </ClInclude>
    <ClInclude Include="headers\libs\hdf5\H5Aprivate.h">
      <Filter>Header Files</Filter>
    </ClInclude>
    <ClInclude Include="headers\libs\hdf5\H5Apublic.h">
      <Filter>Header Files</Filter>
    </ClInclude>
    <ClInclude Include="headers\libs\hdf5\H5Iprivate.h">
      <Filter>Header Files</Filter>
    </ClInclude>
    <ClInclude Include="headers\libs\hdf5\H5Ipublic.h">
      <Filter>Header Files</Filter>
    </ClInclude>
    <ClInclude Include="headers\libs\hdf5\H5Pprivate.h">
      <Filter>Header Files</Filter>
    </ClInclude>
    <ClInclude Include="headers\libs\hdf5\H5Ppublic.h">
      <Filter>Header Files</Filter>
    </ClInclude>
    <ClInclude Include="headers\libs\hdf5\H5private.h">
      <Filter>Header Files</Filter>
    </ClInclude>
    <ClInclude Include="headers\libs\hdf5\H5Gprivate.h">
      <Filter>Header Files</Filter>
    </ClInclude>
    <ClInclude Include="headers\libs\hdf5\H5public.h">
      <Filter>Header Files</Filter>
    </ClInclude>
    <ClInclude Include="headers\libs\hdf5\H5ACpkg.h">
      <Filter>Header Files</Filter>
    </ClInclude>
    <ClInclude Include="headers\libs\hdf5\H5ACprivate.h">
      <Filter>Header Files</Filter>
    </ClInclude>
    <ClInclude Include="headers\libs\hdf5\H5ACpublic.h">
      <Filter>Header Files</Filter>
    </ClInclude>
    <ClInclude Include="headers\libs\hdf5\H5api_adpt.h">
      <Filter>Header Files</Filter>
    </ClInclude>
    <ClInclude Include="headers\libs\hdf5\H5Apkg.h">
      <Filter>Header Files</Filter>
    </ClInclude>
    <ClInclude Include="headers\libs\hdf5\H5B2pkg.h">
      <Filter>Header Files</Filter>
    </ClInclude>
    <ClInclude Include="headers\libs\hdf5\H5B2private.h">
      <Filter>Header Files</Filter>
    </ClInclude>
    <ClInclude Include="headers\libs\hdf5\H5B2public.h">
      <Filter>Header Files</Filter>
    </ClInclude>
    <ClInclude Include="headers\libs\hdf5\H5Bpkg.h">
      <Filter>Header Files</Filter>
    </ClInclude>
    <ClInclude Include="headers\libs\hdf5\H5Bprivate.h">
      <Filter>Header Files</Filter>
    </ClInclude>
    <ClInclude Include="headers\libs\hdf5\H5Bpublic.h">
      <Filter>Header Files</Filter>
    </ClInclude>
    <ClInclude Include="headers\libs\hdf5\H5Cpkg.h">
      <Filter>Header Files</Filter>
    </ClInclude>
    <ClInclude Include="headers\libs\hdf5\H5Cprivate.h">
      <Filter>Header Files</Filter>
    </ClInclude>
    <ClInclude Include="headers\libs\hdf5\H5Cpublic.h">
      <Filter>Header Files</Filter>
    </ClInclude>
    <ClInclude Include="headers\libs\hdf5\H5CSprivate.h">
      <Filter>Header Files</Filter>
    </ClInclude>
    <ClInclude Include="headers\libs\hdf5\H5Dpkg.h">
      <Filter>Header Files</Filter>
    </ClInclude>
    <ClInclude Include="headers\libs\hdf5\H5Dprivate.h">
      <Filter>Header Files</Filter>
    </ClInclude>
    <ClInclude Include="headers\libs\hdf5\H5Dpublic.h">
      <Filter>Header Files</Filter>
    </ClInclude>
    <ClInclude Include="headers\libs\hdf5\H5Edefin.h">
      <Filter>Header Files</Filter>
    </ClInclude>
    <ClInclude Include="headers\libs\hdf5\H5Einit.h">
      <Filter>Header Files</Filter>
    </ClInclude>
    <ClInclude Include="headers\libs\hdf5\H5Epkg.h">
      <Filter>Header Files</Filter>
    </ClInclude>
    <ClInclude Include="headers\libs\hdf5\H5Eprivate.h">
      <Filter>Header Files</Filter>
    </ClInclude>
    <ClInclude Include="headers\libs\hdf5\H5Epubgen.h">
      <Filter>Header Files</Filter>
    </ClInclude>
    <ClInclude Include="headers\libs\hdf5\H5Epublic.h">
      <Filter>Header Files</Filter>
    </ClInclude>
    <ClInclude Include="headers\libs\hdf5\H5Eterm.h">
      <Filter>Header Files</Filter>
    </ClInclude>
    <ClInclude Include="headers\libs\hdf5\H5FDcore.h">
      <Filter>Header Files</Filter>
    </ClInclude>
    <ClInclude Include="headers\libs\hdf5\H5FDdirect.h">
      <Filter>Header Files</Filter>
    </ClInclude>
    <ClInclude Include="headers\libs\hdf5\H5FDfamily.h">
      <Filter>Header Files</Filter>
    </ClInclude>
    <ClInclude Include="headers\libs\hdf5\H5FDlog.h">
      <Filter>Header Files</Filter>
    </ClInclude>
    <ClInclude Include="headers\libs\hdf5\H5FDmpi.h">
      <Filter>Header Files</Filter>
    </ClInclude>
    <ClInclude Include="headers\libs\hdf5\H5FDmpio.h">
      <Filter>Header Files</Filter>
    </ClInclude>
    <ClInclude Include="headers\libs\hdf5\H5FDmpiposix.h">
      <Filter>Header Files</Filter>
    </ClInclude>
    <ClInclude Include="headers\libs\hdf5\H5FDmulti.h">
      <Filter>Header Files</Filter>
    </ClInclude>
    <ClInclude Include="headers\libs\hdf5\H5FDpkg.h">
      <Filter>Header Files</Filter>
    </ClInclude>
    <ClInclude Include="headers\libs\hdf5\H5FDprivate.h">
      <Filter>Header Files</Filter>
    </ClInclude>
    <ClInclude Include="headers\libs\hdf5\H5FDpublic.h">
      <Filter>Header Files</Filter>
    </ClInclude>
    <ClInclude Include="headers\libs\hdf5\H5FDsec2.h">
      <Filter>Header Files</Filter>
    </ClInclude>
    <ClInclude Include="headers\libs\hdf5\H5FDstdio.h">
      <Filter>Header Files</Filter>
    </ClInclude>
    <ClInclude Include="headers\libs\hdf5\H5FDwindows.h">
      <Filter>Header Files</Filter>
    </ClInclude>
    <ClInclude Include="headers\libs\hdf5\H5FLprivate.h">
      <Filter>Header Files</Filter>
    </ClInclude>
    <ClInclude Include="headers\libs\hdf5\H5FOprivate.h">
      <Filter>Header Files</Filter>
    </ClInclude>
    <ClInclude Include="headers\libs\hdf5\H5Fpkg.h">
      <Filter>Header Files</Filter>
    </ClInclude>
    <ClInclude Include="headers\libs\hdf5\H5Fprivate.h">
      <Filter>Header Files</Filter>
    </ClInclude>
    <ClInclude Include="headers\libs\hdf5\H5Fpublic.h">
      <Filter>Header Files</Filter>
    </ClInclude>
    <ClInclude Include="headers\libs\hdf5\H5FSpkg.h">
      <Filter>Header Files</Filter>
    </ClInclude>
    <ClInclude Include="headers\libs\hdf5\H5FSprivate.h">
      <Filter>Header Files</Filter>
    </ClInclude>
    <ClInclude Include="headers\libs\hdf5\H5FSpublic.h">
      <Filter>Header Files</Filter>
    </ClInclude>
    <ClInclude Include="headers\libs\hdf5\H5Gpkg.h">
      <Filter>Header Files</Filter>
    </ClInclude>
    <ClInclude Include="headers\libs\hdf5\H5Gpublic.h">
      <Filter>Header Files</Filter>
    </ClInclude>
    <ClInclude Include="headers\libs\hdf5\H5HFpkg.h">
      <Filter>Header Files</Filter>
    </ClInclude>
    <ClInclude Include="headers\libs\hdf5\H5HFprivate.h">
      <Filter>Header Files</Filter>
    </ClInclude>
    <ClInclude Include="headers\libs\hdf5\H5HFpublic.h">
      <Filter>Header Files</Filter>
    </ClInclude>
    <ClInclude Include="headers\libs\hdf5\H5HGpkg.h">
      <Filter>Header Files</Filter>
    </ClInclude>
    <ClInclude Include="headers\libs\hdf5\H5HGprivate.h">
      <Filter>Header Files</Filter>
    </ClInclude>
    <ClInclude Include="headers\libs\hdf5\H5HGpublic.h">
      <Filter>Header Files</Filter>
    </ClInclude>
    <ClInclude Include="headers\libs\hdf5\H5HLpkg.h">
      <Filter>Header Files</Filter>
    </ClInclude>
    <ClInclude Include="headers\libs\hdf5\H5HLprivate.h">
      <Filter>Header Files</Filter>
    </ClInclude>
    <ClInclude Include="headers\libs\hdf5\H5HLpublic.h">
      <Filter>Header Files</Filter>
    </ClInclude>
    <ClInclude Include="headers\libs\hdf5\H5HPprivate.h">
      <Filter>Header Files</Filter>
    </ClInclude>
    <ClInclude Include="headers\libs\hdf5\H5Ipkg.h">
      <Filter>Header Files</Filter>
    </ClInclude>
    <ClInclude Include="headers\libs\hdf5\H5Lpkg.h">
      <Filter>Header Files</Filter>
    </ClInclude>
    <ClInclude Include="headers\libs\hdf5\H5Lprivate.h">
      <Filter>Header Files</Filter>
    </ClInclude>
    <ClInclude Include="headers\libs\hdf5\H5Lpublic.h">
      <Filter>Header Files</Filter>
    </ClInclude>
    <ClInclude Include="headers\libs\hdf5\H5MFpkg.h">
      <Filter>Header Files</Filter>
    </ClInclude>
    <ClInclude Include="headers\libs\hdf5\H5MFprivate.h">
      <Filter>Header Files</Filter>
    </ClInclude>
    <ClInclude Include="headers\libs\hdf5\H5MMprivate.h">
      <Filter>Header Files</Filter>
    </ClInclude>
    <ClInclude Include="headers\libs\hdf5\H5MMpublic.h">
      <Filter>Header Files</Filter>
    </ClInclude>
    <ClInclude Include="headers\libs\hdf5\H5MPpkg.h">
      <Filter>Header Files</Filter>
    </ClInclude>
    <ClInclude Include="headers\libs\hdf5\H5MPprivate.h">
      <Filter>Header Files</Filter>
    </ClInclude>
    <ClInclude Include="headers\libs\hdf5\H5Opkg.h">
      <Filter>Header Files</Filter>
    </ClInclude>
    <ClInclude Include="headers\libs\hdf5\H5Oprivate.h">
      <Filter>Header Files</Filter>
    </ClInclude>
    <ClInclude Include="headers\libs\hdf5\H5Opublic.h">
      <Filter>Header Files</Filter>
    </ClInclude>
    <ClInclude Include="headers\libs\hdf5\H5Oshared.h">
      <Filter>Header Files</Filter>
    </ClInclude>
    <ClInclude Include="headers\libs\hdf5\H5overflow.h">
      <Filter>Header Files</Filter>
    </ClInclude>
    <ClInclude Include="headers\libs\hdf5\H5Ppkg.h">
      <Filter>Header Files</Filter>
    </ClInclude>
    <ClInclude Include="headers\libs\hdf5\H5RCprivate.h">
      <Filter>Header Files</Filter>
    </ClInclude>
    <ClInclude Include="headers\libs\hdf5\H5Rpkg.h">
      <Filter>Header Files</Filter>
    </ClInclude>
    <ClInclude Include="headers\libs\hdf5\H5Rprivate.h">
      <Filter>Header Files</Filter>
    </ClInclude>
    <ClInclude Include="headers\libs\hdf5\H5Rpublic.h">
      <Filter>Header Files</Filter>
    </ClInclude>
    <ClInclude Include="headers\libs\hdf5\H5RSprivate.h">
      <Filter>Header Files</Filter>
    </ClInclude>
    <ClInclude Include="headers\libs\hdf5\H5SLprivate.h">
      <Filter>Header Files</Filter>
    </ClInclude>
    <ClInclude Include="headers\libs\hdf5\H5SMpkg.h">
      <Filter>Header Files</Filter>
    </ClInclude>
    <ClInclude Include="headers\libs\hdf5\H5SMprivate.h">
      <Filter>Header Files</Filter>
    </ClInclude>
    <ClInclude Include="headers\libs\hdf5\H5Spkg.h">
      <Filter>Header Files</Filter>
    </ClInclude>
    <ClInclude Include="headers\libs\hdf5\H5Sprivate.h">
      <Filter>Header Files</Filter>
    </ClInclude>
    <ClInclude Include="headers\libs\hdf5\H5Spublic.h">
      <Filter>Header Files</Filter>
    </ClInclude>
    <ClInclude Include="headers\libs\hdf5\H5STprivate.h">
      <Filter>Header Files</Filter>
    </ClInclude>
    <ClInclude Include="headers\libs\hdf5\H5Tpkg.h">
      <Filter>Header Files</Filter>
    </ClInclude>
    <ClInclude Include="headers\libs\hdf5\H5Tprivate.h">
      <Filter>Header Files</Filter>
    </ClInclude>
    <ClInclude Include="headers\libs\hdf5\H5Tpublic.h">
      <Filter>Header Files</Filter>
    </ClInclude>
    <ClInclude Include="headers\libs\hdf5\H5TSprivate.h">
      <Filter>Header Files</Filter>
    </ClInclude>
    <ClInclude Include="headers\libs\hdf5\H5version.h">
      <Filter>Header Files</Filter>
    </ClInclude>
    <ClInclude Include="headers\libs\hdf5\H5Vprivate.h">
      <Filter>Header Files</Filter>
    </ClInclude>
    <ClInclude Include="headers\libs\hdf5\H5WBprivate.h">
      <Filter>Header Files</Filter>
    </ClInclude>
    <ClInclude Include="headers\libs\hdf5\H5win32defs.h">
      <Filter>Header Files</Filter>
    </ClInclude>
    <ClInclude Include="headers\libs\hdf5\H5Zpkg.h">
      <Filter>Header Files</Filter>
    </ClInclude>
    <ClInclude Include="headers\libs\hdf5\H5Zprivate.h">
      <Filter>Header Files</Filter>
    </ClInclude>
    <ClInclude Include="headers\libs\hdf5\H5Zpublic.h">
      <Filter>Header Files</Filter>
    </ClInclude>
    <ClInclude Include="headers\libs\hdf5\hdf5.h">
      <Filter>Header Files</Filter>
    </ClInclude>
    <ClInclude Include="headers\libs\hdf5\H5pubconf.h">
      <Filter>Header Files</Filter>
    </ClInclude>
  </ItemGroup>
  <ItemGroup>
    <None Include="assets\shaders\vertexShader.glsl" />
    <None Include="assets\shaders\fragmentShader.glsl" />
    <None Include="assets\shaders\sphereVertexShader.glsl" />
    <None Include="assets\shaders\sphereFragmentShader.glsl" />
    <None Include="headers\libs\highfive\H5Version.hpp.in" />
    <None Include="headers\libs\zlib\ChangeLog" />
    <None Include="headers\libs\zlib\configure" />
    <None Include="headers\libs\zlib\FAQ" />
    <None Include="headers\libs\zlib\INDEX" />
    <None Include="headers\libs\zlib\Makefile.in" />
    <None Include="headers\libs\zlib\zconf.h.cmakein" />
    <None Include="headers\libs\zlib\zconf.h.in" />
    <None Include="headers\libs\zlib\zlib.3" />
    <None Include="headers\libs\zlib\zlib.map" />
    <None Include="headers\libs\zlib\zlib.pc.cmakein" />
    <None Include="headers\libs\zlib\zlib.pc.in" />
  </ItemGroup>
  <ItemGroup>
    <Text Include="headers\libs\zlib\CMakeLists.txt" />
  </ItemGroup>
  <ItemGroup>
    <Xml Include="headers\libs\zlib\treebuild.xml" />
  </ItemGroup>
</Project>