<?xml version="1.0" encoding="utf-8"?>
<Project ToolsVersion="4.0" xmlns="http://schemas.microsoft.com/developer/msbuild/2003">
  <ItemGroup>
    <Filter Include="Source Files">
      <UniqueIdentifier>{4FC737F1-C7A5-4376-A066-2A32D752A2FF}</UniqueIdentifier>
      <Extensions>cpp;c;cc;cxx;c++;cppm;ixx;def;odl;idl;hpj;bat;asm;asmx</Extensions>
    </Filter>
    <Filter Include="Header Files">
      <UniqueIdentifier>{93995380-89BD-4b04-88EB-625FBE52EBFB}</UniqueIdentifier>
      <Extensions>h;hh;hpp;hxx;h++;hm;inl;inc;ipp;xsd</Extensions>
    </Filter>
    <Filter Include="Resource Files">
      <UniqueIdentifier>{67DA6AB6-F800-4c08-8B7A-83BB121AAD01}</UniqueIdentifier>
      <Extensions>rc;ico;cur;bmp;dlg;rc2;rct;bin;rgs;gif;jpg;jpeg;jpe;resx;tiff;tif;png;wav;mfcribbon-ms</Extensions>
    </Filter>
    <Filter Include="Shaders">
      <UniqueIdentifier>{B2E1A5C4-7D3F-4E86-9A0B-52C6D1F0A9E3}</UniqueIdentifier>
      <Extensions>vert;frag;comp;geom;glsl;spv</Extensions>
    </Filter>
  </ItemGroup>
  <ItemGroup>
    <ClCompile Include="src\App\Application.cpp">
      <Filter>Source Files</Filter>
    </ClCompile>
    <ClCompile Include="src\App\main.cpp">
      <Filter>Source Files</Filter>
    </ClCompile>
    <ClCompile Include="src\Platform\Window.cpp">
      <Filter>Source Files</Filter>
    </ClCompile>
    <ClCompile Include="src\RHI\Buffer.cpp">
      <Filter>Source Files</Filter>
    </ClCompile>
    <ClCompile Include="src\RHI\DescriptorAllocator.cpp">
      <Filter>Source Files</Filter>
    </ClCompile>
    <ClCompile Include="src\RHI\Device.cpp">
      <Filter>Source Files</Filter>
    </ClCompile>
    <ClCompile Include="src\RHI\Pipeline.cpp">
      <Filter>Source Files</Filter>
    </ClCompile>
    <ClCompile Include="src\RHI\ShaderCompiler.cpp">
      <Filter>Source Files</Filter>
    </ClCompile>
    <ClCompile Include="src\RHI\Swapchain.cpp">
      <Filter>Source Files</Filter>
    </ClCompile>
    <ClCompile Include="src\RHI\Texture.cpp">
      <Filter>Source Files</Filter>
    </ClCompile>
    <ClCompile Include="src\RHI\UploadRing.cpp">
      <Filter>Source Files</Filter>
    </ClCompile>
    <ClCompile Include="src\RHI\VmaUsage.cpp">
      <Filter>Source Files</Filter>
    </ClCompile>
    <ClCompile Include="src\RHI\VulkanCommon.cpp">
      <Filter>Source Files</Filter>
    </ClCompile>
    <ClCompile Include="src\Renderer\Renderer.cpp">
      <Filter>Source Files</Filter>
    </ClCompile>
    <ClCompile Include="src\Renderer\passes\TonemapPass.cpp">
      <Filter>Source Files</Filter>
    </ClCompile>
    <ClCompile Include="src\Renderer\MaterialSystem.cpp">
      <Filter>Source Files</Filter>
    </ClCompile>
    <ClCompile Include="src\Renderer\MeshBuffer.cpp">
      <Filter>Source Files</Filter>
    </ClCompile>
    <ClCompile Include="src\Renderer\PointCloudGpu.cpp">
      <Filter>Source Files</Filter>
    </ClCompile>
    <ClCompile Include="src\Renderer\passes\ShadowPass.cpp">
      <Filter>Source Files</Filter>
    </ClCompile>
    <ClCompile Include="src\Renderer\passes\ForwardPass.cpp">
      <Filter>Source Files</Filter>
    </ClCompile>
    <ClCompile Include="src\Renderer\passes\SkyboxPass.cpp">
      <Filter>Source Files</Filter>
    </ClCompile>
    <ClCompile Include="src\Scene\Primitives.cpp">
      <Filter>Source Files</Filter>
    </ClCompile>
    <ClCompile Include="src\Scene\ModelImporter.cpp">
      <Filter>Source Files</Filter>
    </ClCompile>
    <ClCompile Include="src\Scene\SceneLoader.cpp">
      <Filter>Source Files</Filter>
    </ClCompile>
    <ClCompile Include="headers\libs\spirv_reflect\spirv_reflect.c">
      <Filter>Source Files</Filter>
    </ClCompile>
    <ClCompile Include="headers\libs\volk\volk.c">
      <Filter>Source Files</Filter>
    </ClCompile>
    <ClCompile Include="headers\libs\imgui\backends\imgui_impl_glfw.cpp">
      <Filter>Source Files</Filter>
    </ClCompile>
    <ClCompile Include="headers\libs\imgui\backends\imgui_impl_vulkan.cpp">
      <Filter>Source Files</Filter>
    </ClCompile>
    <ClCompile Include="headers\libs\imgui\imgui.cpp">
      <Filter>Source Files</Filter>
    </ClCompile>
    <ClCompile Include="headers\libs\imgui\imgui_draw.cpp">
      <Filter>Source Files</Filter>
    </ClCompile>
    <ClCompile Include="headers\libs\imgui\imgui_tables.cpp">
      <Filter>Source Files</Filter>
    </ClCompile>
    <ClCompile Include="headers\libs\imgui\imgui_widgets.cpp">
      <Filter>Source Files</Filter>
    </ClCompile>
    <ClCompile Include="headers\libs\imgui\imgui_style.cpp">
      <Filter>Source Files</Filter>
    </ClCompile>
    <ClCompile Include="src\Engine\StbImageImpl.cpp">
      <Filter>Source Files</Filter>
    </ClCompile>
    <ClCompile Include="headers\libs\portable-file-dialogs.h">
      <Filter>Source Files</Filter>
    </ClCompile>
    <ClCompile Include="src\main.cpp">
      <Filter>Source Files</Filter>
    </ClCompile>
    <ClCompile Include="src\Gui\GUI.cpp">
      <Filter>Source Files</Filter>
    </ClCompile>
    <ClCompile Include="src\Gui\CursorPreview3D.cpp">
      <Filter>Source Files</Filter>
    </ClCompile>
    <ClCompile Include="src\Loaders\ModelLoader.cpp">
      <Filter>Source Files</Filter>
    </ClCompile>
    <ClCompile Include="src\Loaders\PointCloudLoader.cpp">
      <Filter>Source Files</Filter>
    </ClCompile>
    <ClCompile Include="src\Engine\ComputePointCloudRenderer.cpp">
      <Filter>Source Files</Filter>
    </ClCompile>
    <ClCompile Include="src\Engine\OctreePointCloudManager.cpp">
      <Filter>Source Files</Filter>
    </ClCompile>
    <ClCompile Include="src\Engine\Buffers.cpp">
      <Filter>Source Files</Filter>
    </ClCompile>
    <ClCompile Include="src\Engine\Screenshot.cpp">
      <Filter>Source Files</Filter>
    </ClCompile>
    <ClCompile Include="src\Engine\Window.cpp">
      <Filter>Source Files</Filter>
    </ClCompile>
    <ClCompile Include="src\Engine\Input.cpp">
      <Filter>Source Files</Filter>
    </ClCompile>
    <ClCompile Include="src\Engine\XRSession.cpp">
      <Filter>Source Files</Filter>
    </ClCompile>
    <ClCompile Include="src\Engine\ShortcutManager.cpp">
      <Filter>Source Files</Filter>
    </ClCompile>
    <ClCompile Include="src\Engine\SpaceMouseInput.cpp">
      <Filter>Source Files</Filter>
    </ClCompile>
    <ClCompile Include="src\Engine\ThreeDConnexionSync.cpp">
      <Filter>Source Files</Filter>
    </ClCompile>
    <ClCompile Include="src\Core\SceneManager.cpp">
      <Filter>Source Files</Filter>
    </ClCompile>
    <ClCompile Include="src\Core\SnapshotManager.cpp">
      <Filter>Source Files</Filter>
    </ClCompile>
    <ClCompile Include="src\Core\UndoManager.cpp">
      <Filter>Source Files</Filter>
    </ClCompile>
    <ClCompile Include="src\Core\CursorSynchronizer.cpp">
      <Filter>Source Files</Filter>
    </ClCompile>
    <ClCompile Include="src\Cursors\CursorPresets.cpp">
      <Filter>Source Files</Filter>
    </ClCompile>
    <ClCompile Include="src\Cursors\Base\Cursor.cpp">
      <Filter>Source Files</Filter>
    </ClCompile>
    <ClCompile Include="src\Cursors\Base\CursorManager.cpp">
      <Filter>Source Files</Filter>
    </ClCompile>
    <ClCompile Include="src\Cursors\Types\FragmentCursor.cpp">
      <Filter>Source Files</Filter>
    </ClCompile>
    <ClCompile Include="src\Cursors\Types\PlaneCursor.cpp">
      <Filter>Source Files</Filter>
    </ClCompile>
    <ClCompile Include="src\Cursors\Types\SphereCursor.cpp">
      <Filter>Source Files</Filter>
    </ClCompile>
    <ClCompile Include="src\Tools\BrushTool.cpp">
      <Filter>Source Files</Filter>
    </ClCompile>
    <ClCompile Include="src\Tools\ClipPlaneTool.cpp">
      <Filter>Source Files</Filter>
    </ClCompile>
    <ClCompile Include="src\Tools\MeasurementTool.cpp">
      <Filter>Source Files</Filter>
    </ClCompile>
    <ClCompile Include="src\Tools\TransformGizmo.cpp">
      <Filter>Source Files</Filter>
    </ClCompile>
    <ClCompile Include="src\Plugins\PluginManager.cpp">
      <Filter>Source Files</Filter>
    </ClCompile>
    <ClCompile Include="src\Plugins\MeasurementPlugin.cpp">
      <Filter>Source Files</Filter>
    </ClCompile>
    <ClCompile Include="src\Plugins\Examples\CrosshairPlugin.cpp">
      <Filter>Source Files</Filter>
    </ClCompile>
  </ItemGroup>
  <ItemGroup>
    <ClInclude Include="headers\App\Application.h">
      <Filter>Header Files</Filter>
    </ClInclude>
    <ClInclude Include="headers\Platform\Window.h">
      <Filter>Header Files</Filter>
    </ClInclude>
    <ClInclude Include="headers\RHI\Barrier.h">
      <Filter>Header Files</Filter>
    </ClInclude>
    <ClInclude Include="headers\RHI\Buffer.h">
      <Filter>Header Files</Filter>
    </ClInclude>
    <ClInclude Include="headers\RHI\DescriptorAllocator.h">
      <Filter>Header Files</Filter>
    </ClInclude>
    <ClInclude Include="headers\RHI\Device.h">
      <Filter>Header Files</Filter>
    </ClInclude>
    <ClInclude Include="headers\RHI\Pipeline.h">
      <Filter>Header Files</Filter>
    </ClInclude>
    <ClInclude Include="headers\RHI\ShaderCompiler.h">
      <Filter>Header Files</Filter>
    </ClInclude>
    <ClInclude Include="headers\RHI\Swapchain.h">
      <Filter>Header Files</Filter>
    </ClInclude>
    <ClInclude Include="headers\RHI\Texture.h">
      <Filter>Header Files</Filter>
    </ClInclude>
    <ClInclude Include="headers\RHI\Vma.h">
      <Filter>Header Files</Filter>
    </ClInclude>
    <ClInclude Include="headers\RHI\VulkanCommon.h">
      <Filter>Header Files</Filter>
    </ClInclude>
    <ClInclude Include="headers\Renderer\Projection.h">
      <Filter>Header Files</Filter>
    </ClInclude>
    <ClInclude Include="headers\Renderer\Renderer.h">
      <Filter>Header Files</Filter>
    </ClInclude>
    <ClInclude Include="headers\Renderer\passes\TonemapPass.h">
      <Filter>Header Files</Filter>
    </ClInclude>
    <ClInclude Include="headers\Renderer\passes\ShadowPass.h">
      <Filter>Header Files</Filter>
    </ClInclude>
    <ClInclude Include="headers\Renderer\passes\ForwardPass.h">
      <Filter>Header Files</Filter>
    </ClInclude>
    <ClInclude Include="headers\Renderer\passes\SkyboxPass.h">
      <Filter>Header Files</Filter>
    </ClInclude>
    <ClInclude Include="headers\Renderer\FrameSubmission.h">
      <Filter>Header Files</Filter>
    </ClInclude>
    <ClInclude Include="headers\Renderer\GpuTypes.h">
      <Filter>Header Files</Filter>
    </ClInclude>
    <ClInclude Include="headers\Renderer\MaterialSystem.h">
      <Filter>Header Files</Filter>
    </ClInclude>
    <ClInclude Include="headers\Renderer\MeshBuffer.h">
      <Filter>Header Files</Filter>
    </ClInclude>
    <ClInclude Include="headers\Renderer\PointCloudGpu.h">
      <Filter>Header Files</Filter>
    </ClInclude>
    <ClInclude Include="headers\RHI\UploadRing.h">
      <Filter>Header Files</Filter>
    </ClInclude>
    <ClInclude Include="headers\Scene\Scene.h">
      <Filter>Header Files</Filter>
    </ClInclude>
    <ClInclude Include="headers\Platform\Paths.h">
      <Filter>Header Files</Filter>
    </ClInclude>
    <ClInclude Include="headers\libs\spirv_reflect\spirv_reflect.h">
      <Filter>Header Files</Filter>
    </ClInclude>
    <ClInclude Include="headers\libs\volk\volk.h">
      <Filter>Header Files</Filter>
    </ClInclude>
    <ClInclude Include="headers\libs\vma\vk_mem_alloc.h">
      <Filter>Header Files</Filter>
    </ClInclude>
    <ClInclude Include="headers\core.h">
      <Filter>Header Files</Filter>
    </ClInclude>
    <ClInclude Include="headers\Core\SceneManager.h">
      <Filter>Header Files</Filter>
    </ClInclude>
    <ClInclude Include="headers\Core\SnapshotManager.h">
      <Filter>Header Files</Filter>
    </ClInclude>
    <ClInclude Include="headers\Core\UndoManager.h">
      <Filter>Header Files</Filter>
    </ClInclude>
    <ClInclude Include="headers\Core\CursorSynchronizer.h">
      <Filter>Header Files</Filter>
    </ClInclude>
    <ClInclude Include="headers\Core\CursorSyncState.h">
      <Filter>Header Files</Filter>
    </ClInclude>
    <ClInclude Include="headers\cursor_presets.h">
      <Filter>Header Files</Filter>
    </ClInclude>
    <ClInclude Include="headers\engine\buffers.h">
      <Filter>Header Files</Filter>
    </ClInclude>
    <ClInclude Include="headers\Engine\XRSession.h">
      <Filter>Header Files</Filter>
    </ClInclude>
    <ClInclude Include="headers\Engine\ComputePointCloudRenderer.h">
      <Filter>Header Files</Filter>
    </ClInclude>
    <ClInclude Include="headers\engine\data.h">
      <Filter>Header Files</Filter>
    </ClInclude>
    <ClInclude Include="headers\engine\input.h">
      <Filter>Header Files</Filter>
    </ClInclude>
    <ClInclude Include="headers\Engine\OctreePointCloudManager.h">
      <Filter>Header Files</Filter>
    </ClInclude>
    <ClInclude Include="headers\Engine\ShortcutManager.h">
      <Filter>Header Files</Filter>
    </ClInclude>
    <ClInclude Include="headers\Engine\SpaceMouseInput.h">
      <Filter>Header Files</Filter>
    </ClInclude>
    <ClInclude Include="headers\Engine\ThreeDConnexionSync.h">
      <Filter>Header Files</Filter>
    </ClInclude>
    <ClInclude Include="headers\Engine\Screenshot.h">
      <Filter>Header Files</Filter>
    </ClInclude>
    <ClInclude Include="headers\engine\window.h">
      <Filter>Header Files</Filter>
    </ClInclude>
    <ClInclude Include="headers\Camera.h">
      <Filter>Header Files</Filter>
    </ClInclude>
    <ClInclude Include="headers\Tools\BrushTool.h">
      <Filter>Header Files</Filter>
    </ClInclude>
    <ClInclude Include="headers\Tools\ClipPlaneTool.h">
      <Filter>Header Files</Filter>
    </ClInclude>
    <ClInclude Include="headers\Tools\MeasurementTool.h">
      <Filter>Header Files</Filter>
    </ClInclude>
    <ClInclude Include="headers\Tools\TransformGizmo.h">
      <Filter>Header Files</Filter>
    </ClInclude>
    <ClInclude Include="headers\Plugins\Plugin.h">
      <Filter>Header Files</Filter>
    </ClInclude>
    <ClInclude Include="headers\Plugins\PluginContext.h">
      <Filter>Header Files</Filter>
    </ClInclude>
    <ClInclude Include="headers\Plugins\PluginManager.h">
      <Filter>Header Files</Filter>
    </ClInclude>
    <ClInclude Include="headers\Plugins\PluginRegistry.h">
      <Filter>Header Files</Filter>
    </ClInclude>
    <ClInclude Include="headers\Plugins\MeasurementPlugin.h">
      <Filter>Header Files</Filter>
    </ClInclude>
    <ClInclude Include="headers\Plugins\Examples\CrosshairPlugin.h">
      <Filter>Header Files</Filter>
    </ClInclude>
    <ClInclude Include="headers\libs\assimp\aabb.h">
      <Filter>Header Files</Filter>
    </ClInclude>
    <ClInclude Include="headers\libs\assimp\ai_assert.h">
      <Filter>Header Files</Filter>
    </ClInclude>
    <ClInclude Include="headers\libs\assimp\anim.h">
      <Filter>Header Files</Filter>
    </ClInclude>
    <ClInclude Include="headers\libs\assimp\AssertHandler.h">
      <Filter>Header Files</Filter>
    </ClInclude>
    <ClInclude Include="headers\libs\assimp\Base64.hpp">
      <Filter>Header Files</Filter>
    </ClInclude>
    <ClInclude Include="headers\libs\assimp\BaseImporter.h">
      <Filter>Header Files</Filter>
    </ClInclude>
    <ClInclude Include="headers\libs\assimp\Bitmap.h">
      <Filter>Header Files</Filter>
    </ClInclude>
    <ClInclude Include="headers\libs\assimp\BlobIOSystem.h">
      <Filter>Header Files</Filter>
    </ClInclude>
    <ClInclude Include="headers\libs\assimp\ByteSwapper.h">
      <Filter>Header Files</Filter>
    </ClInclude>
    <ClInclude Include="headers\libs\assimp\camera.h">
      <Filter>Header Files</Filter>
    </ClInclude>
    <ClInclude Include="headers\libs\assimp\cexport.h">
      <Filter>Header Files</Filter>
    </ClInclude>
    <ClInclude Include="headers\libs\assimp\cfileio.h">
      <Filter>Header Files</Filter>
    </ClInclude>
    <ClInclude Include="headers\libs\assimp\cimport.h">
      <Filter>Header Files</Filter>
    </ClInclude>
    <ClInclude Include="headers\libs\assimp\ColladaMetaData.h">
      <Filter>Header Files</Filter>
    </ClInclude>
    <ClInclude Include="headers\libs\assimp\color4.h">
      <Filter>Header Files</Filter>
    </ClInclude>
    <ClInclude Include="headers\libs\assimp\commonMetaData.h">
      <Filter>Header Files</Filter>
    </ClInclude>
    <ClInclude Include="headers\libs\assimp\CreateAnimMesh.h">
      <Filter>Header Files</Filter>
    </ClInclude>
    <ClInclude Include="headers\libs\assimp\DefaultIOStream.h">
      <Filter>Header Files</Filter>
    </ClInclude>
    <ClInclude Include="headers\libs\assimp\DefaultIOSystem.h">
      <Filter>Header Files</Filter>
    </ClInclude>
    <ClInclude Include="headers\libs\assimp\DefaultLogger.hpp">
      <Filter>Header Files</Filter>
    </ClInclude>
    <ClInclude Include="headers\libs\assimp\defs.h">
      <Filter>Header Files</Filter>
    </ClInclude>
    <ClInclude Include="headers\libs\assimp\Exceptional.h">
      <Filter>Header Files</Filter>
    </ClInclude>
    <ClInclude Include="headers\libs\assimp\Exporter.hpp">
      <Filter>Header Files</Filter>
    </ClInclude>
    <ClInclude Include="headers\libs\assimp\fast_atof.h">
      <Filter>Header Files</Filter>
    </ClInclude>
    <ClInclude Include="headers\libs\assimp\GenericProperty.h">
      <Filter>Header Files</Filter>
    </ClInclude>
    <ClInclude Include="headers\libs\assimp\GltfMaterial.h">
      <Filter>Header Files</Filter>
    </ClInclude>
    <ClInclude Include="headers\libs\assimp\Hash.h">
      <Filter>Header Files</Filter>
    </ClInclude>
    <ClInclude Include="headers\libs\assimp\Importer.hpp">
      <Filter>Header Files</Filter>
    </ClInclude>
    <ClInclude Include="headers\libs\assimp\importerdesc.h">
      <Filter>Header Files</Filter>
    </ClInclude>
    <ClInclude Include="headers\libs\assimp\IOStream.hpp">
      <Filter>Header Files</Filter>
    </ClInclude>
    <ClInclude Include="headers\libs\assimp\IOStreamBuffer.h">
      <Filter>Header Files</Filter>
    </ClInclude>
    <ClInclude Include="headers\libs\assimp\IOSystem.hpp">
      <Filter>Header Files</Filter>
    </ClInclude>
    <ClInclude Include="headers\libs\assimp\light.h">
      <Filter>Header Files</Filter>
    </ClInclude>
    <ClInclude Include="headers\libs\assimp\LineSplitter.h">
      <Filter>Header Files</Filter>
    </ClInclude>
    <ClInclude Include="headers\libs\assimp\LogAux.h">
      <Filter>Header Files</Filter>
    </ClInclude>
    <ClInclude Include="headers\libs\assimp\Logger.hpp">
      <Filter>Header Files</Filter>
    </ClInclude>
    <ClInclude Include="headers\libs\assimp\LogStream.hpp">
      <Filter>Header Files</Filter>
    </ClInclude>
    <ClInclude Include="headers\libs\assimp\material.h">
      <Filter>Header Files</Filter>
    </ClInclude>
    <ClInclude Include="headers\libs\assimp\MathFunctions.h">
      <Filter>Header Files</Filter>
    </ClInclude>
    <ClInclude Include="headers\libs\assimp\matrix3x3.h">
      <Filter>Header Files</Filter>
    </ClInclude>
    <ClInclude Include="headers\libs\assimp\matrix4x4.h">
      <Filter>Header Files</Filter>
    </ClInclude>
    <ClInclude Include="headers\libs\assimp\MemoryIOWrapper.h">
      <Filter>Header Files</Filter>
    </ClInclude>
    <ClInclude Include="headers\libs\assimp\mesh.h">
      <Filter>Header Files</Filter>
    </ClInclude>
    <ClInclude Include="headers\libs\assimp\metadata.h">
      <Filter>Header Files</Filter>
    </ClInclude>
    <ClInclude Include="headers\libs\assimp\NullLogger.hpp">
      <Filter>Header Files</Filter>
    </ClInclude>
    <ClInclude Include="headers\libs\assimp\ObjMaterial.h">
      <Filter>Header Files</Filter>
    </ClInclude>
    <ClInclude Include="headers\libs\assimp\ParsingUtils.h">
      <Filter>Header Files</Filter>
    </ClInclude>
    <ClInclude Include="headers\libs\assimp\pbrmaterial.h">
      <Filter>Header Files</Filter>
    </ClInclude>
    <ClInclude Include="headers\libs\assimp\postprocess.h">
      <Filter>Header Files</Filter>
    </ClInclude>
    <ClInclude Include="headers\libs\assimp\Profiler.h">
      <Filter>Header Files</Filter>
    </ClInclude>
    <ClInclude Include="headers\libs\assimp\ProgressHandler.hpp">
      <Filter>Header Files</Filter>
    </ClInclude>
    <ClInclude Include="headers\libs\assimp\qnan.h">
      <Filter>Header Files</Filter>
    </ClInclude>
    <ClInclude Include="headers\libs\assimp\quaternion.h">
      <Filter>Header Files</Filter>
    </ClInclude>
    <ClInclude Include="headers\libs\assimp\RemoveComments.h">
      <Filter>Header Files</Filter>
    </ClInclude>
    <ClInclude Include="headers\libs\assimp\scene.h">
      <Filter>Header Files</Filter>
    </ClInclude>
    <ClInclude Include="headers\libs\assimp\SceneCombiner.h">
      <Filter>Header Files</Filter>
    </ClInclude>
    <ClInclude Include="headers\libs\assimp\SGSpatialSort.h">
      <Filter>Header Files</Filter>
    </ClInclude>
    <ClInclude Include="headers\libs\assimp\SkeletonMeshBuilder.h">
      <Filter>Header Files</Filter>
    </ClInclude>
    <ClInclude Include="headers\libs\assimp\SmallVector.h">
      <Filter>Header Files</Filter>
    </ClInclude>
    <ClInclude Include="headers\libs\assimp\SmoothingGroups.h">
      <Filter>Header Files</Filter>
    </ClInclude>
    <ClInclude Include="headers\libs\assimp\SpatialSort.h">
      <Filter>Header Files</Filter>
    </ClInclude>
    <ClInclude Include="headers\libs\assimp\StandardShapes.h">
      <Filter>Header Files</Filter>
    </ClInclude>
    <ClInclude Include="headers\libs\assimp\StreamReader.h">
      <Filter>Header Files</Filter>
    </ClInclude>
    <ClInclude Include="headers\libs\assimp\StreamWriter.h">
      <Filter>Header Files</Filter>
    </ClInclude>
    <ClInclude Include="headers\libs\assimp\StringComparison.h">
      <Filter>Header Files</Filter>
    </ClInclude>
    <ClInclude Include="headers\libs\assimp\StringUtils.h">
      <Filter>Header Files</Filter>
    </ClInclude>
    <ClInclude Include="headers\libs\assimp\Subdivision.h">
      <Filter>Header Files</Filter>
    </ClInclude>
    <ClInclude Include="headers\libs\assimp\texture.h">
      <Filter>Header Files</Filter>
    </ClInclude>
    <ClInclude Include="headers\libs\assimp\TinyFormatter.h">
      <Filter>Header Files</Filter>
    </ClInclude>
    <ClInclude Include="headers\libs\assimp\types.h">
      <Filter>Header Files</Filter>
    </ClInclude>
    <ClInclude Include="headers\libs\assimp\vector2.h">
      <Filter>Header Files</Filter>
    </ClInclude>
    <ClInclude Include="headers\libs\assimp\vector3.h">
      <Filter>Header Files</Filter>
    </ClInclude>
    <ClInclude Include="headers\libs\assimp\version.h">
      <Filter>Header Files</Filter>
    </ClInclude>
    <ClInclude Include="headers\libs\assimp\Vertex.h">
      <Filter>Header Files</Filter>
    </ClInclude>
    <ClInclude Include="headers\libs\assimp\XmlParser.h">
      <Filter>Header Files</Filter>
    </ClInclude>
    <ClInclude Include="headers\libs\assimp\XMLTools.h">
      <Filter>Header Files</Filter>
    </ClInclude>
    <ClInclude Include="headers\libs\assimp\ZipArchiveIOSystem.h">
      <Filter>Header Files</Filter>
    </ClInclude>
    <ClInclude Include="headers\libs\imgui\backends\imgui_impl_glfw.h">
      <Filter>Header Files</Filter>
    </ClInclude>
    <ClInclude Include="headers\libs\imgui\backends\imgui_impl_vulkan.h">
      <Filter>Header Files</Filter>
    </ClInclude>
    <ClInclude Include="headers\libs\imgui\imconfig.h">
      <Filter>Header Files</Filter>
    </ClInclude>
    <ClInclude Include="headers\libs\imgui\imgui.h">
      <Filter>Header Files</Filter>
    </ClInclude>
    <ClInclude Include="headers\libs\imgui\imgui_incl.h">
      <Filter>Header Files</Filter>
    </ClInclude>
    <ClInclude Include="headers\libs\imgui\imgui_internal.h">
      <Filter>Header Files</Filter>
    </ClInclude>
    <ClInclude Include="headers\libs\imgui\imgui_sytle.h">
      <Filter>Header Files</Filter>
    </ClInclude>
    <ClInclude Include="headers\libs\imgui\imstb_rectpack.h">
      <Filter>Header Files</Filter>
    </ClInclude>
    <ClInclude Include="headers\libs\imgui\imstb_textedit.h">
      <Filter>Header Files</Filter>
    </ClInclude>
    <ClInclude Include="headers\libs\imgui\imstb_truetype.h">
      <Filter>Header Files</Filter>
    </ClInclude>
    <ClInclude Include="headers\libs\json.h">
      <Filter>Header Files</Filter>
    </ClInclude>
    <ClInclude Include="headers\Loaders\ModelLoader.h">
      <Filter>Header Files</Filter>
    </ClInclude>
    <ClInclude Include="headers\model_loader.h">
      <Filter>Header Files</Filter>
    </ClInclude>
    <ClInclude Include="headers\libs\openLinks.h">
      <Filter>Header Files</Filter>
    </ClInclude>
    <ClInclude Include="headers\point_cloud_loader.h">
      <Filter>Header Files</Filter>
    </ClInclude>
    <ClInclude Include="headers\scene_manager.h">
      <Filter>Header Files</Filter>
    </ClInclude>
    <ClInclude Include="headers\libs\stb_image.h">
      <Filter>Header Files</Filter>
    </ClInclude>
  </ItemGroup>
  <ItemGroup>
    <CustomBuild Include="assets\shaders_vk\mesh.vert">
      <Filter>Shaders</Filter>
    </CustomBuild>
    <CustomBuild Include="assets\shaders_vk\mesh.frag">
      <Filter>Shaders</Filter>
    </CustomBuild>
    <CustomBuild Include="assets\shaders_vk\depth_sun.vert">
      <Filter>Shaders</Filter>
    </CustomBuild>
    <CustomBuild Include="assets\shaders_vk\depth_point.vert">
      <Filter>Shaders</Filter>
    </CustomBuild>
    <CustomBuild Include="assets\shaders_vk\skybox.vert">
      <Filter>Shaders</Filter>
    </CustomBuild>
    <CustomBuild Include="assets\shaders_vk\skybox.frag">
      <Filter>Shaders</Filter>
    </CustomBuild>
    <CustomBuild Include="assets\shaders_vk\fullscreen.vert">
      <Filter>Shaders</Filter>
    </CustomBuild>
    <CustomBuild Include="assets\shaders_vk\tonemap.frag">
      <Filter>Shaders</Filter>
    </CustomBuild>
  </ItemGroup>
  <ItemGroup>
    <None Include="assets\shaders_vk\scene_types.h">
      <Filter>Shaders</Filter>
    </None>
  </ItemGroup>
  <ItemGroup>
    <None Include="assets\shaders\fragmentShader.glsl">
      <Filter>Resource Files</Filter>
    </None>
    <None Include="assets\shaders\planeCursorFragmentShader.glsl">
      <Filter>Resource Files</Filter>
    </None>
    <None Include="assets\shaders\planeCursorVertexShader.glsl">
      <Filter>Resource Files</Filter>
    </None>
    <None Include="assets\shaders\simpleDepthFragmentShader.glsl">
      <Filter>Resource Files</Filter>
    </None>
    <None Include="assets\shaders\simpleDepthVertexShader.glsl">
      <Filter>Resource Files</Filter>
    </None>
    <None Include="assets\shaders\skyboxFragmentShader.glsl">
      <Filter>Resource Files</Filter>
    </None>
    <None Include="assets\shaders\skyboxVertexShader.glsl">
      <Filter>Resource Files</Filter>
    </None>
    <None Include="assets\shaders\vertexShader.glsl">
      <Filter>Resource Files</Filter>
    </None>
    <None Include="assets\shaders\sphereVertexShader.glsl">
      <Filter>Resource Files</Filter>
    </None>
    <None Include="assets\shaders\sphereFragmentShader.glsl">
      <Filter>Resource Files</Filter>
    </None>
    <None Include="headers\libs\assimp\.editorconfig">
      <Filter>Resource Files</Filter>
    </None>
    <None Include="headers\libs\assimp\color4.inl">
      <Filter>Resource Files</Filter>
    </None>
    <None Include="headers\libs\assimp\config.h.in">
      <Filter>Resource Files</Filter>
    </None>
    <None Include="headers\libs\assimp\material.inl">
      <Filter>Resource Files</Filter>
    </None>
    <None Include="headers\libs\assimp\matrix3x3.inl">
      <Filter>Resource Files</Filter>
    </None>
    <None Include="headers\libs\assimp\matrix4x4.inl">
      <Filter>Resource Files</Filter>
    </None>
    <None Include="headers\libs\assimp\module.modulemap">
      <Filter>Resource Files</Filter>
    </None>
    <None Include="headers\libs\assimp\quaternion.inl">
      <Filter>Resource Files</Filter>
    </None>
    <None Include="headers\libs\assimp\revision.h.in">
      <Filter>Resource Files</Filter>
    </None>
    <None Include="headers\libs\assimp\SmoothingGroups.inl">
      <Filter>Resource Files</Filter>
    </None>
    <None Include="headers\libs\assimp\vector2.inl">
      <Filter>Resource Files</Filter>
    </None>
    <None Include="headers\libs\assimp\vector3.inl">
      <Filter>Resource Files</Filter>
    </None>
    <None Include="headers\octree.h">
      <Filter>Resource Files</Filter>
    </None>
  </ItemGroup>
</Project>
