<?xml version="1.0" encoding="utf-8"?>
<Project ToolsVersion="4.0" xmlns="http://schemas.microsoft.com/developer/msbuild/2003">
  <ItemGroup>
    <Filter Include="Source Files">
      <UniqueIdentifier>{4FC737F1-C7A5-4376-A066-2A32D752A2FF}</UniqueIdentifier>
      <Extensions>cpp;c;cc;cxx;c++;cppm;ixx;def;odl;idl;hpj;bat;asm;asmx</Extensions>
    </Filter>
    <Filter Include="Header Files">
      <UniqueIdentifier>{93995380-89BD-4b04-88EB-625FBE52EBFB}</UniqueIdentifier>
      <Extensions>h;hh;hpp;hxx;h++;hm;inl;inc;ipp;xsd</Extensions>
    </Filter>
    <Filter Include="Resource Files">
      <UniqueIdentifier>{67DA6AB6-F800-4c08-8B7A-83BB121AAD01}</UniqueIdentifier>
      <Extensions>rc;ico;cur;bmp;dlg;rc2;rct;bin;rgs;gif;jpg;jpeg;jpe;resx;tiff;tif;png;wav;mfcribbon-ms</Extensions>
    </Filter>
    <Filter Include="libs">
      <UniqueIdentifier>{9604a5d6-4a7e-4f9b-9209-3bde739755d1}</UniqueIdentifier>
    </Filter>
    <Filter Include="libs\draco">
      <UniqueIdentifier>{197be9b4-c483-4f72-89ba-0253bb0a2abe}</UniqueIdentifier>
    </Filter>
    <Filter Include="libs\basisu">
      <UniqueIdentifier>{8e37bf49-aeb1-48d0-b8f1-afcba38ceba0}</UniqueIdentifier>
    </Filter>
    <Filter Include="libs\tracy">
      <UniqueIdentifier>{ad7f0bb0-378d-4da4-b304-d6589420b336}</UniqueIdentifier>
    </Filter>
    <Filter Include="libs\lepcc">
      <UniqueIdentifier>{4367069d-ecb1-45f5-8ee4-b1081f0b60a1}</UniqueIdentifier>
    </Filter>
    <Filter Include="Shaders">
      <UniqueIdentifier>{B2E1A5C4-7D3F-4E86-9A0B-52C6D1F0A9E3}</UniqueIdentifier>
      <Extensions>vert;frag;comp;geom;glsl;spv</Extensions>
    </Filter>
  </ItemGroup>
  <ItemGroup>
    <ClCompile Include="src\App\Application.cpp">
      <Filter>Source Files</Filter>
    </ClCompile>
    <ClCompile Include="src\App\SceneOps.cpp">
      <Filter>Source Files</Filter>
    </ClCompile>
    <ClCompile Include="src\App\main.cpp">
      <Filter>Source Files</Filter>
    </ClCompile>
    <ClCompile Include="src\Platform\Window.cpp">
      <Filter>Source Files</Filter>
    </ClCompile>
    <ClCompile Include="src\RHI\Buffer.cpp">
      <Filter>Source Files</Filter>
    </ClCompile>
    <ClCompile Include="src\RHI\DescriptorAllocator.cpp">
      <Filter>Source Files</Filter>
    </ClCompile>
    <ClCompile Include="src\RHI\Device.cpp">
      <Filter>Source Files</Filter>
    </ClCompile>
    <ClCompile Include="src\RHI\Pipeline.cpp">
      <Filter>Source Files</Filter>
    </ClCompile>
    <ClCompile Include="src\RHI\ShaderCompiler.cpp">
      <Filter>Source Files</Filter>
    </ClCompile>
    <ClCompile Include="src\RHI\Swapchain.cpp">
      <Filter>Source Files</Filter>
    </ClCompile>
    <ClCompile Include="src\RHI\Texture.cpp">
      <Filter>Source Files</Filter>
    </ClCompile>
    <ClCompile Include="src\RHI\UploadRing.cpp">
      <Filter>Source Files</Filter>
    </ClCompile>
    <ClCompile Include="src\RHI\VmaUsage.cpp">
      <Filter>Source Files</Filter>
    </ClCompile>
    <ClCompile Include="src\RHI\VulkanCommon.cpp">
      <Filter>Source Files</Filter>
    </ClCompile>
    <ClCompile Include="src\Renderer\Renderer.cpp">
      <Filter>Source Files</Filter>
    </ClCompile>
    <ClCompile Include="src\Renderer\passes\TonemapPass.cpp">
      <Filter>Source Files</Filter>
    </ClCompile>
    <ClCompile Include="src\Renderer\MaterialSystem.cpp">
      <Filter>Source Files</Filter>
    </ClCompile>
    <ClCompile Include="src\Renderer\MeshBuffer.cpp">
      <Filter>Source Files</Filter>
    </ClCompile>
    <ClCompile Include="src\Renderer\PointCloudGpu.cpp">
      <Filter>Source Files</Filter>
    </ClCompile>
    <ClCompile Include="src\Renderer\passes\ShadowPass.cpp">
      <Filter>Source Files</Filter>
    </ClCompile>
    <ClCompile Include="src\Renderer\passes\ForwardPass.cpp">
      <Filter>Source Files</Filter>
    </ClCompile>
    <ClCompile Include="src\Renderer\passes\PointCloudPass.cpp">
      <Filter>Source Files</Filter>
    </ClCompile>
    <ClCompile Include="src\Renderer\passes\SkyboxPass.cpp">
      <Filter>Source Files</Filter>
    </ClCompile>
    <ClCompile Include="src\Scene\Primitives.cpp">
      <Filter>Source Files</Filter>
    </ClCompile>
    <ClCompile Include="src\Scene\ModelImporter.cpp">
      <Filter>Source Files</Filter>
    </ClCompile>
    <ClCompile Include="src\Scene\SceneLoader.cpp">
      <Filter>Source Files</Filter>
    </ClCompile>
    <ClCompile Include="src\Scene\SceneDocument.cpp">
      <Filter>Source Files</Filter>
    </ClCompile>
    <ClCompile Include="src\Scene\ScenePicking.cpp">
      <Filter>Source Files</Filter>
    </ClCompile>
    <ClCompile Include="src\Scene\I3SSceneLayer.cpp">
      <Filter>Source Files</Filter>
    </ClCompile>
    <ClCompile Include="src\Renderer\OverlayDrawList.cpp">
      <Filter>Source Files</Filter>
    </ClCompile>
    <ClCompile Include="src\Renderer\passes\OverlayPass.cpp">
      <Filter>Source Files</Filter>
    </ClCompile>
    <ClCompile Include="src\Platform\FileMapping.cpp">
      <Filter>Source Files</Filter>
    </ClCompile>
    <ClCompile Include="src\Loaders\Slpk\SlpkArchive.cpp">
      <Filter>Source Files</Filter>
    </ClCompile>
    <ClCompile Include="src\Loaders\Slpk\GeoAnchor.cpp">
      <Filter>Source Files</Filter>
    </ClCompile>
    <ClCompile Include="src\Loaders\Slpk\I3SLayer.cpp">
      <Filter>Source Files</Filter>
    </ClCompile>
    <ClCompile Include="src\Loaders\Slpk\I3SGeometry.cpp">
      <Filter>Source Files</Filter>
    </ClCompile>
    <ClCompile Include="src\Loaders\Slpk\I3STexture.cpp">
      <Filter>Source Files</Filter>
    </ClCompile>
    <ClCompile Include="src\Loaders\Slpk\I3SPointCloud.cpp">
      <Filter>Source Files</Filter>
    </ClCompile>
    <ClCompile Include="src\Loaders\Slpk\I3SAttributes.cpp">
      <Filter>Source Files</Filter>
    </ClCompile>
    <ClCompile Include="src\Loaders\Slpk\SolarPosition.cpp">
      <Filter>Source Files</Filter>
    </ClCompile>
    <ClCompile Include="headers\libs\lepcc\BitMask.cpp">
      <Filter>libs\lepcc</Filter>
    </ClCompile>
    <ClCompile Include="headers\libs\lepcc\BitStuffer2.cpp">
      <Filter>libs\lepcc</Filter>
    </ClCompile>
    <ClCompile Include="headers\libs\lepcc\ClusterRGB.cpp">
      <Filter>libs\lepcc</Filter>
    </ClCompile>
    <ClCompile Include="headers\libs\lepcc\Common.cpp">
      <Filter>libs\lepcc</Filter>
    </ClCompile>
    <ClCompile Include="headers\libs\lepcc\FlagBytes.cpp">
      <Filter>libs\lepcc</Filter>
    </ClCompile>
    <ClCompile Include="headers\libs\lepcc\Huffman.cpp">
      <Filter>libs\lepcc</Filter>
    </ClCompile>
    <ClCompile Include="headers\libs\lepcc\Intensity.cpp">
      <Filter>libs\lepcc</Filter>
    </ClCompile>
    <ClCompile Include="headers\libs\lepcc\LEPCC.cpp">
      <Filter>libs\lepcc</Filter>
    </ClCompile>
    <ClCompile Include="headers\libs\lepcc\lepcc_c_api_impl.cpp">
      <Filter>libs\lepcc</Filter>
    </ClCompile>
    <ClCompile Include="src\Loaders\Slpk\BasisTranscoderImpl.cpp">
      <Filter>Source Files</Filter>
    </ClCompile>
    <ClCompile Include="headers\libs\basisu\zstd\zstddeclib.c">
      <Filter>libs\basisu</Filter>
    </ClCompile>
    <ClCompile Include="headers\libs\tracy\TracyClient.cpp">
      <Filter>libs\tracy</Filter>
    </ClCompile>
    <ClCompile Include="headers\libs\draco\attributes\attribute_octahedron_transform.cc">
      <Filter>libs\draco</Filter>
    </ClCompile>
    <ClCompile Include="headers\libs\draco\attributes\attribute_quantization_transform.cc">
      <Filter>libs\draco</Filter>
    </ClCompile>
    <ClCompile Include="headers\libs\draco\attributes\attribute_transform.cc">
      <Filter>libs\draco</Filter>
    </ClCompile>
    <ClCompile Include="headers\libs\draco\attributes\geometry_attribute.cc">
      <Filter>libs\draco</Filter>
    </ClCompile>
    <ClCompile Include="headers\libs\draco\attributes\point_attribute.cc">
      <Filter>libs\draco</Filter>
    </ClCompile>
    <ClCompile Include="headers\libs\draco\compression\attributes\attributes_decoder.cc">
      <Filter>libs\draco</Filter>
    </ClCompile>
    <ClCompile Include="headers\libs\draco\compression\attributes\kd_tree_attributes_decoder.cc">
      <Filter>libs\draco</Filter>
    </ClCompile>
    <ClCompile Include="headers\libs\draco\compression\attributes\sequential_attribute_decoder.cc">
      <Filter>libs\draco</Filter>
    </ClCompile>
    <ClCompile Include="headers\libs\draco\compression\attributes\sequential_attribute_decoders_controller.cc">
      <Filter>libs\draco</Filter>
    </ClCompile>
    <ClCompile Include="headers\libs\draco\compression\attributes\sequential_integer_attribute_decoder.cc">
      <Filter>libs\draco</Filter>
    </ClCompile>
    <ClCompile Include="headers\libs\draco\compression\attributes\sequential_normal_attribute_decoder.cc">
      <Filter>libs\draco</Filter>
    </ClCompile>
    <ClCompile Include="headers\libs\draco\compression\attributes\sequential_quantization_attribute_decoder.cc">
      <Filter>libs\draco</Filter>
    </ClCompile>
    <ClCompile Include="headers\libs\draco\compression\bit_coders\adaptive_rans_bit_decoder.cc">
      <Filter>libs\draco</Filter>
    </ClCompile>
    <ClCompile Include="headers\libs\draco\compression\bit_coders\adaptive_rans_bit_encoder.cc">
      <Filter>libs\draco</Filter>
    </ClCompile>
    <ClCompile Include="headers\libs\draco\compression\bit_coders\direct_bit_decoder.cc">
      <Filter>libs\draco</Filter>
    </ClCompile>
    <ClCompile Include="headers\libs\draco\compression\bit_coders\direct_bit_encoder.cc">
      <Filter>libs\draco</Filter>
    </ClCompile>
    <ClCompile Include="headers\libs\draco\compression\bit_coders\rans_bit_decoder.cc">
      <Filter>libs\draco</Filter>
    </ClCompile>
    <ClCompile Include="headers\libs\draco\compression\bit_coders\rans_bit_encoder.cc">
      <Filter>libs\draco</Filter>
    </ClCompile>
    <ClCompile Include="headers\libs\draco\compression\bit_coders\symbol_bit_decoder.cc">
      <Filter>libs\draco</Filter>
    </ClCompile>
    <ClCompile Include="headers\libs\draco\compression\bit_coders\symbol_bit_encoder.cc">
      <Filter>libs\draco</Filter>
    </ClCompile>
    <ClCompile Include="headers\libs\draco\compression\decode.cc">
      <Filter>libs\draco</Filter>
    </ClCompile>
    <ClCompile Include="headers\libs\draco\compression\draco_compression_options.cc">
      <Filter>libs\draco</Filter>
    </ClCompile>
    <ClCompile Include="headers\libs\draco\compression\entropy\shannon_entropy.cc">
      <Filter>libs\draco</Filter>
    </ClCompile>
    <ClCompile Include="headers\libs\draco\compression\entropy\symbol_decoding.cc">
      <Filter>libs\draco</Filter>
    </ClCompile>
    <ClCompile Include="headers\libs\draco\compression\entropy\symbol_encoding.cc">
      <Filter>libs\draco</Filter>
    </ClCompile>
    <ClCompile Include="headers\libs\draco\compression\mesh\mesh_decoder.cc">
      <Filter>libs\draco</Filter>
    </ClCompile>
    <ClCompile Include="headers\libs\draco\compression\mesh\mesh_edgebreaker_decoder.cc">
      <Filter>libs\draco</Filter>
    </ClCompile>
    <ClCompile Include="headers\libs\draco\compression\mesh\mesh_edgebreaker_decoder_impl.cc">
      <Filter>libs\draco</Filter>
    </ClCompile>
    <ClCompile Include="headers\libs\draco\compression\mesh\mesh_sequential_decoder.cc">
      <Filter>libs\draco</Filter>
    </ClCompile>
    <ClCompile Include="headers\libs\draco\compression\point_cloud\algorithms\dynamic_integer_points_kd_tree_decoder.cc">
      <Filter>libs\draco</Filter>
    </ClCompile>
    <ClCompile Include="headers\libs\draco\compression\point_cloud\algorithms\float_points_tree_decoder.cc">
      <Filter>libs\draco</Filter>
    </ClCompile>
    <ClCompile Include="headers\libs\draco\compression\point_cloud\point_cloud_decoder.cc">
      <Filter>libs\draco</Filter>
    </ClCompile>
    <ClCompile Include="headers\libs\draco\compression\point_cloud\point_cloud_kd_tree_decoder.cc">
      <Filter>libs\draco</Filter>
    </ClCompile>
    <ClCompile Include="headers\libs\draco\compression\point_cloud\point_cloud_sequential_decoder.cc">
      <Filter>libs\draco</Filter>
    </ClCompile>
    <ClCompile Include="headers\libs\draco\core\bit_utils.cc">
      <Filter>libs\draco</Filter>
    </ClCompile>
    <ClCompile Include="headers\libs\draco\core\bounding_box.cc">
      <Filter>libs\draco</Filter>
    </ClCompile>
    <ClCompile Include="headers\libs\draco\core\cycle_timer.cc">
      <Filter>libs\draco</Filter>
    </ClCompile>
    <ClCompile Include="headers\libs\draco\core\data_buffer.cc">
      <Filter>libs\draco</Filter>
    </ClCompile>
    <ClCompile Include="headers\libs\draco\core\decoder_buffer.cc">
      <Filter>libs\draco</Filter>
    </ClCompile>
    <ClCompile Include="headers\libs\draco\core\divide.cc">
      <Filter>libs\draco</Filter>
    </ClCompile>
    <ClCompile Include="headers\libs\draco\core\draco_types.cc">
      <Filter>libs\draco</Filter>
    </ClCompile>
    <ClCompile Include="headers\libs\draco\core\encoder_buffer.cc">
      <Filter>libs\draco</Filter>
    </ClCompile>
    <ClCompile Include="headers\libs\draco\core\hash_utils.cc">
      <Filter>libs\draco</Filter>
    </ClCompile>
    <ClCompile Include="headers\libs\draco\core\options.cc">
      <Filter>libs\draco</Filter>
    </ClCompile>
    <ClCompile Include="headers\libs\draco\core\quantization_utils.cc">
      <Filter>libs\draco</Filter>
    </ClCompile>
    <ClCompile Include="headers\libs\draco\mesh\corner_table.cc">
      <Filter>libs\draco</Filter>
    </ClCompile>
    <ClCompile Include="headers\libs\draco\mesh\mesh.cc">
      <Filter>libs\draco</Filter>
    </ClCompile>
    <ClCompile Include="headers\libs\draco\mesh\mesh_attribute_corner_table.cc">
      <Filter>libs\draco</Filter>
    </ClCompile>
    <ClCompile Include="headers\libs\draco\mesh\mesh_cleanup.cc">
      <Filter>libs\draco</Filter>
    </ClCompile>
    <ClCompile Include="headers\libs\draco\mesh\mesh_features.cc">
      <Filter>libs\draco</Filter>
    </ClCompile>
    <ClCompile Include="headers\libs\draco\mesh\mesh_misc_functions.cc">
      <Filter>libs\draco</Filter>
    </ClCompile>
    <ClCompile Include="headers\libs\draco\mesh\mesh_splitter.cc">
      <Filter>libs\draco</Filter>
    </ClCompile>
    <ClCompile Include="headers\libs\draco\mesh\mesh_stripifier.cc">
      <Filter>libs\draco</Filter>
    </ClCompile>
    <ClCompile Include="headers\libs\draco\mesh\mesh_utils.cc">
      <Filter>libs\draco</Filter>
    </ClCompile>
    <ClCompile Include="headers\libs\draco\mesh\triangle_soup_mesh_builder.cc">
      <Filter>libs\draco</Filter>
    </ClCompile>
    <ClCompile Include="headers\libs\draco\metadata\geometry_metadata.cc">
      <Filter>libs\draco</Filter>
    </ClCompile>
    <ClCompile Include="headers\libs\draco\metadata\metadata.cc">
      <Filter>libs\draco</Filter>
    </ClCompile>
    <ClCompile Include="headers\libs\draco\metadata\metadata_decoder.cc">
      <Filter>libs\draco</Filter>
    </ClCompile>
    <ClCompile Include="headers\libs\draco\metadata\property_attribute.cc">
      <Filter>libs\draco</Filter>
    </ClCompile>
    <ClCompile Include="headers\libs\draco\metadata\property_table.cc">
      <Filter>libs\draco</Filter>
    </ClCompile>
    <ClCompile Include="headers\libs\draco\metadata\structural_metadata.cc">
      <Filter>libs\draco</Filter>
    </ClCompile>
    <ClCompile Include="headers\libs\draco\metadata\structural_metadata_schema.cc">
      <Filter>libs\draco</Filter>
    </ClCompile>
    <ClCompile Include="headers\libs\draco\point_cloud\point_cloud.cc">
      <Filter>libs\draco</Filter>
    </ClCompile>
    <ClCompile Include="headers\libs\draco\point_cloud\point_cloud_builder.cc">
      <Filter>libs\draco</Filter>
    </ClCompile>
    <ClCompile Include="headers\libs\libdeflate\lib\adler32.c">
      <Filter>Source Files</Filter>
    </ClCompile>
    <ClCompile Include="headers\libs\libdeflate\lib\crc32.c">
      <Filter>Source Files</Filter>
    </ClCompile>
    <ClCompile Include="headers\libs\libdeflate\lib\deflate_decompress.c">
      <Filter>Source Files</Filter>
    </ClCompile>
    <ClCompile Include="headers\libs\libdeflate\lib\gzip_decompress.c">
      <Filter>Source Files</Filter>
    </ClCompile>
    <ClCompile Include="headers\libs\libdeflate\lib\utils.c">
      <Filter>Source Files</Filter>
    </ClCompile>
    <ClCompile Include="headers\libs\libdeflate\lib\zlib_decompress.c">
      <Filter>Source Files</Filter>
    </ClCompile>
    <ClCompile Include="headers\libs\libdeflate\lib\x86\cpu_features.c">
      <Filter>Source Files</Filter>
    </ClCompile>
    <ClCompile Include="headers\libs\md5\md5.c">
      <Filter>Source Files</Filter>
    </ClCompile>
    <ClCompile Include="headers\libs\spirv_reflect\spirv_reflect.c">
      <Filter>Source Files</Filter>
    </ClCompile>
    <ClCompile Include="headers\libs\volk\volk.c">
      <Filter>Source Files</Filter>
    </ClCompile>
    <ClCompile Include="headers\libs\imgui\backends\imgui_impl_glfw.cpp">
      <Filter>Source Files</Filter>
    </ClCompile>
    <ClCompile Include="headers\libs\imgui\backends\imgui_impl_vulkan.cpp">
      <Filter>Source Files</Filter>
    </ClCompile>
    <ClCompile Include="headers\libs\imgui\imgui.cpp">
      <Filter>Source Files</Filter>
    </ClCompile>
    <ClCompile Include="headers\libs\imgui\imgui_draw.cpp">
      <Filter>Source Files</Filter>
    </ClCompile>
    <ClCompile Include="headers\libs\imgui\imgui_tables.cpp">
      <Filter>Source Files</Filter>
    </ClCompile>
    <ClCompile Include="headers\libs\imgui\imgui_widgets.cpp">
      <Filter>Source Files</Filter>
    </ClCompile>
    <ClCompile Include="headers\libs\imgui\imgui_style.cpp">
      <Filter>Source Files</Filter>
    </ClCompile>
    <ClCompile Include="src\Engine\StbImageImpl.cpp">
      <Filter>Source Files</Filter>
    </ClCompile>
    <ClCompile Include="headers\libs\portable-file-dialogs.h">
      <Filter>Source Files</Filter>
    </ClCompile>
    <ClCompile Include="src\Gui\GUI.cpp">
      <Filter>Source Files</Filter>
    </ClCompile>
    <ClCompile Include="src\Gui\CursorPreview3D.cpp">
      <Filter>Source Files</Filter>
    </ClCompile>
    <ClCompile Include="src\Loaders\PointCloudLoader.cpp">
      <Filter>Source Files</Filter>
    </ClCompile>
    <ClCompile Include="src\Engine\OctreePointCloudManager.cpp">
      <Filter>Source Files</Filter>
    </ClCompile>
    <ClCompile Include="src\Engine\Screenshot.cpp">
      <Filter>Source Files</Filter>
    </ClCompile>
    <ClCompile Include="src\Engine\XRSession.cpp">
      <Filter>Source Files</Filter>
    </ClCompile>
    <ClCompile Include="src\Engine\ShortcutManager.cpp">
      <Filter>Source Files</Filter>
    </ClCompile>
    <ClCompile Include="src\Engine\SpaceMouseInput.cpp">
      <Filter>Source Files</Filter>
    </ClCompile>
    <ClCompile Include="src\Engine\ThreeDConnexionSync.cpp">
      <Filter>Source Files</Filter>
    </ClCompile>
    <ClCompile Include="src\Core\SceneManager.cpp">
      <Filter>Source Files</Filter>
    </ClCompile>
    <ClCompile Include="src\Core\SnapshotManager.cpp">
      <Filter>Source Files</Filter>
    </ClCompile>
    <ClCompile Include="src\Core\UndoManager.cpp">
      <Filter>Source Files</Filter>
    </ClCompile>
    <ClCompile Include="src\Core\CursorSynchronizer.cpp">
      <Filter>Source Files</Filter>
    </ClCompile>
    <ClCompile Include="src\Cursors\CursorPresets.cpp">
      <Filter>Source Files</Filter>
    </ClCompile>
    <ClCompile Include="src\Cursors\Base\Cursor.cpp">
      <Filter>Source Files</Filter>
    </ClCompile>
    <ClCompile Include="src\Cursors\Base\CursorManager.cpp">
      <Filter>Source Files</Filter>
    </ClCompile>
    <ClCompile Include="src\Cursors\Types\FragmentCursor.cpp">
      <Filter>Source Files</Filter>
    </ClCompile>
    <ClCompile Include="src\Cursors\Types\PlaneCursor.cpp">
      <Filter>Source Files</Filter>
    </ClCompile>
    <ClCompile Include="src\Cursors\Types\SphereCursor.cpp">
      <Filter>Source Files</Filter>
    </ClCompile>
    <ClCompile Include="src\Tools\ClipPlaneTool.cpp">
      <Filter>Source Files</Filter>
    </ClCompile>
    <ClCompile Include="src\Tools\MeasurementTool.cpp">
      <Filter>Source Files</Filter>
    </ClCompile>
    <ClCompile Include="src\Tools\TransformGizmo.cpp">
      <Filter>Source Files</Filter>
    </ClCompile>
    <ClCompile Include="src\Plugins\PluginManager.cpp">
      <Filter>Source Files</Filter>
    </ClCompile>
    <ClCompile Include="src\Plugins\MeasurementPlugin.cpp">
      <Filter>Source Files</Filter>
    </ClCompile>
    <ClCompile Include="src\Plugins\Examples\CrosshairPlugin.cpp">
      <Filter>Source Files</Filter>
    </ClCompile>
    <ClCompile Include="src\Gui\GuiSystem.cpp">
      <Filter>Source Files</Filter>
    </ClCompile>
    <ClCompile Include="src\Gui\Outliner.cpp">
      <Filter>Source Files</Filter>
    </ClCompile>
    <ClCompile Include="src\Gui\Inspector.cpp">
      <Filter>Source Files</Filter>
    </ClCompile>
    <ClCompile Include="src\Gui\inspectors\LayerInspector.cpp">
      <Filter>Source Files</Filter>
    </ClCompile>
    <ClCompile Include="src\Gui\UiKit.cpp">
      <Filter>Source Files</Filter>
    </ClCompile>
    <ClCompile Include="src\Gui\Preferences.cpp">
      <Filter>Source Files</Filter>
    </ClCompile>
    <ClCompile Include="src\Core\CommandRegistry.cpp">
      <Filter>Source Files</Filter>
    </ClCompile>
    <ClCompile Include="src\Core\Shortcuts.cpp">
      <Filter>Source Files</Filter>
    </ClCompile>
    <ClCompile Include="src\Gui\panels\ScenePanel.cpp">
      <Filter>Source Files</Filter>
    </ClCompile>
    <ClCompile Include="src\Gui\panels\InspectorPanel.cpp">
      <Filter>Source Files</Filter>
    </ClCompile>
    <ClCompile Include="src\Gui\panels\SettingsPanel.cpp">
      <Filter>Source Files</Filter>
    </ClCompile>
    <ClCompile Include="src\Gui\panels\CursorPanel.cpp">
      <Filter>Source Files</Filter>
    </ClCompile>
    <ClCompile Include="src\Gui\panels\PointCloudPanel.cpp">
      <Filter>Source Files</Filter>
    </ClCompile>
    <ClCompile Include="src\Gui\panels\ClipPlanePanel.cpp">
      <Filter>Source Files</Filter>
    </ClCompile>
    <ClCompile Include="src\Gui\panels\DiagnosticsPanel.cpp">
      <Filter>Source Files</Filter>
    </ClCompile>
    <ClCompile Include="src\Gui\panels\SlpkPanel.cpp">
      <Filter>Source Files</Filter>
    </ClCompile>
  </ItemGroup>
  <ItemGroup>
    <ClInclude Include="headers\App\Application.h">
      <Filter>Header Files</Filter>
    </ClInclude>
    <ClInclude Include="headers\Platform\Window.h">
      <Filter>Header Files</Filter>
    </ClInclude>
    <ClInclude Include="headers\RHI\Barrier.h">
      <Filter>Header Files</Filter>
    </ClInclude>
    <ClInclude Include="headers\RHI\Buffer.h">
      <Filter>Header Files</Filter>
    </ClInclude>
    <ClInclude Include="headers\RHI\DescriptorAllocator.h">
      <Filter>Header Files</Filter>
    </ClInclude>
    <ClInclude Include="headers\RHI\Device.h">
      <Filter>Header Files</Filter>
    </ClInclude>
    <ClInclude Include="headers\RHI\Pipeline.h">
      <Filter>Header Files</Filter>
    </ClInclude>
    <ClInclude Include="headers\RHI\ShaderCompiler.h">
      <Filter>Header Files</Filter>
    </ClInclude>
    <ClInclude Include="headers\RHI\Swapchain.h">
      <Filter>Header Files</Filter>
    </ClInclude>
    <ClInclude Include="headers\RHI\Texture.h">
      <Filter>Header Files</Filter>
    </ClInclude>
    <ClInclude Include="headers\RHI\Vma.h">
      <Filter>Header Files</Filter>
    </ClInclude>
    <ClInclude Include="headers\RHI\VulkanCommon.h">
      <Filter>Header Files</Filter>
    </ClInclude>
    <ClInclude Include="headers\Renderer\Projection.h">
      <Filter>Header Files</Filter>
    </ClInclude>
    <ClInclude Include="headers\Renderer\Renderer.h">
      <Filter>Header Files</Filter>
    </ClInclude>
    <ClInclude Include="headers\Renderer\passes\TonemapPass.h">
      <Filter>Header Files</Filter>
    </ClInclude>
    <ClInclude Include="headers\Renderer\passes\ShadowPass.h">
      <Filter>Header Files</Filter>
    </ClInclude>
    <ClInclude Include="headers\Renderer\passes\ForwardPass.h">
      <Filter>Header Files</Filter>
    </ClInclude>
    <ClInclude Include="headers\Renderer\passes\PointCloudPass.h">
      <Filter>Header Files</Filter>
    </ClInclude>
    <ClInclude Include="headers\Renderer\passes\SkyboxPass.h">
      <Filter>Header Files</Filter>
    </ClInclude>
    <ClInclude Include="headers\Renderer\FrameSubmission.h">
      <Filter>Header Files</Filter>
    </ClInclude>
    <ClInclude Include="headers\Renderer\GpuTypes.h">
      <Filter>Header Files</Filter>
    </ClInclude>
    <ClInclude Include="headers\Renderer\MaterialSystem.h">
      <Filter>Header Files</Filter>
    </ClInclude>
    <ClInclude Include="headers\Renderer\MeshBuffer.h">
      <Filter>Header Files</Filter>
    </ClInclude>
    <ClInclude Include="headers\Renderer\PointCloudGpu.h">
      <Filter>Header Files</Filter>
    </ClInclude>
    <ClInclude Include="headers\RHI\UploadRing.h">
      <Filter>Header Files</Filter>
    </ClInclude>
    <ClInclude Include="headers\Scene\Scene.h">
      <Filter>Header Files</Filter>
    </ClInclude>
    <ClInclude Include="headers\Scene\SceneDocument.h">
      <Filter>Header Files</Filter>
    </ClInclude>
    <ClInclude Include="headers\Scene\SceneItems.h">
      <Filter>Header Files</Filter>
    </ClInclude>
    <ClInclude Include="headers\Platform\Paths.h">
      <Filter>Header Files</Filter>
    </ClInclude>
    <ClInclude Include="headers\Platform\FileMapping.h">
      <Filter>Header Files</Filter>
    </ClInclude>
    <ClInclude Include="headers\Loaders\PointCloudLoader.h">
      <Filter>Header Files</Filter>
    </ClInclude>
    <ClInclude Include="headers\Loaders\Slpk\SlpkArchive.h">
      <Filter>Header Files</Filter>
    </ClInclude>
    <ClInclude Include="headers\Loaders\Slpk\SlpkTypes.h">
      <Filter>Header Files</Filter>
    </ClInclude>
    <ClInclude Include="headers\Loaders\Slpk\GeoAnchor.h">
      <Filter>Header Files</Filter>
    </ClInclude>
    <ClInclude Include="headers\Loaders\Slpk\I3SLayer.h">
      <Filter>Header Files</Filter>
    </ClInclude>
    <ClInclude Include="headers\Loaders\Slpk\I3SGeometry.h">
      <Filter>Header Files</Filter>
    </ClInclude>
    <ClInclude Include="headers\Loaders\Slpk\I3STexture.h">
      <Filter>Header Files</Filter>
    </ClInclude>
    <ClInclude Include="headers\Loaders\Slpk\I3SPointCloud.h">
      <Filter>Header Files</Filter>
    </ClInclude>
    <ClInclude Include="headers\Loaders\Slpk\I3SAttributes.h">
      <Filter>Header Files</Filter>
    </ClInclude>
    <ClInclude Include="headers\Loaders\Slpk\SolarPosition.h">
      <Filter>Header Files</Filter>
    </ClInclude>
    <ClInclude Include="headers\libs\lepcc\BitMask.h">
      <Filter>libs\lepcc</Filter>
    </ClInclude>
    <ClInclude Include="headers\libs\lepcc\BitStuffer2.h">
      <Filter>libs\lepcc</Filter>
    </ClInclude>
    <ClInclude Include="headers\libs\lepcc\ClusterRGB.h">
      <Filter>libs\lepcc</Filter>
    </ClInclude>
    <ClInclude Include="headers\libs\lepcc\Common.h">
      <Filter>libs\lepcc</Filter>
    </ClInclude>
    <ClInclude Include="headers\libs\lepcc\FlagBytes.h">
      <Filter>libs\lepcc</Filter>
    </ClInclude>
    <ClInclude Include="headers\libs\lepcc\Huffman.h">
      <Filter>libs\lepcc</Filter>
    </ClInclude>
    <ClInclude Include="headers\libs\lepcc\Intensity.h">
      <Filter>libs\lepcc</Filter>
    </ClInclude>
    <ClInclude Include="headers\libs\lepcc\LEPCC.h">
      <Filter>libs\lepcc</Filter>
    </ClInclude>
    <ClInclude Include="headers\libs\lepcc\utl_const_array.h">
      <Filter>libs\lepcc</Filter>
    </ClInclude>
    <ClInclude Include="headers\libs\lepcc\include\lepcc_c_api.h">
      <Filter>libs\lepcc</Filter>
    </ClInclude>
    <ClInclude Include="headers\libs\lepcc\include\lepcc_types.h">
      <Filter>libs\lepcc</Filter>
    </ClInclude>
    <ClInclude Include="headers\Core\Profiling.h">
      <Filter>Header Files</Filter>
    </ClInclude>
    <ClInclude Include="headers\libs\basisu\transcoder\basisu.h">
      <Filter>libs\basisu</Filter>
    </ClInclude>
    <ClInclude Include="headers\libs\basisu\transcoder\basisu_astc_hdr_core.h">
      <Filter>libs\basisu</Filter>
    </ClInclude>
    <ClInclude Include="headers\libs\basisu\transcoder\basisu_astc_helpers.h">
      <Filter>libs\basisu</Filter>
    </ClInclude>
    <ClInclude Include="headers\libs\basisu\transcoder\basisu_containers.h">
      <Filter>libs\basisu</Filter>
    </ClInclude>
    <ClInclude Include="headers\libs\basisu\transcoder\basisu_containers_impl.h">
      <Filter>libs\basisu</Filter>
    </ClInclude>
    <ClInclude Include="headers\libs\basisu\transcoder\basisu_file_headers.h">
      <Filter>libs\basisu</Filter>
    </ClInclude>
    <ClInclude Include="headers\libs\basisu\transcoder\basisu_idct.h">
      <Filter>libs\basisu</Filter>
    </ClInclude>
    <ClInclude Include="headers\libs\basisu\transcoder\basisu_transcoder.h">
      <Filter>libs\basisu</Filter>
    </ClInclude>
    <ClInclude Include="headers\libs\basisu\transcoder\basisu_transcoder_internal.h">
      <Filter>libs\basisu</Filter>
    </ClInclude>
    <ClInclude Include="headers\libs\basisu\transcoder\basisu_transcoder_uastc.h">
      <Filter>libs\basisu</Filter>
    </ClInclude>
    <ClInclude Include="headers\libs\basisu\zstd\zstd.h">
      <Filter>libs\basisu</Filter>
    </ClInclude>
    <ClInclude Include="headers\libs\basisu\zstd\zstd_errors.h">
      <Filter>libs\basisu</Filter>
    </ClInclude>
    <ClInclude Include="headers\libs\tracy\client\TracyArmCpuTable.hpp">
      <Filter>libs\tracy</Filter>
    </ClInclude>
    <ClInclude Include="headers\libs\tracy\client\TracyCallstack.h">
      <Filter>libs\tracy</Filter>
    </ClInclude>
    <ClInclude Include="headers\libs\tracy\client\TracyCallstack.hpp">
      <Filter>libs\tracy</Filter>
    </ClInclude>
    <ClInclude Include="headers\libs\tracy\client\TracyCpuid.hpp">
      <Filter>libs\tracy</Filter>
    </ClInclude>
    <ClInclude Include="headers\libs\tracy\client\TracyDebug.hpp">
      <Filter>libs\tracy</Filter>
    </ClInclude>
    <ClInclude Include="headers\libs\tracy\client\TracyDxt1.hpp">
      <Filter>libs\tracy</Filter>
    </ClInclude>
    <ClInclude Include="headers\libs\tracy\client\TracyFastVector.hpp">
      <Filter>libs\tracy</Filter>
    </ClInclude>
    <ClInclude Include="headers\libs\tracy\client\TracyKCore.hpp">
      <Filter>libs\tracy</Filter>
    </ClInclude>
    <ClInclude Include="headers\libs\tracy\client\TracyLock.hpp">
      <Filter>libs\tracy</Filter>
    </ClInclude>
    <ClInclude Include="headers\libs\tracy\client\TracyProfiler.hpp">
      <Filter>libs\tracy</Filter>
    </ClInclude>
    <ClInclude Include="headers\libs\tracy\client\TracyRingBuffer.hpp">
      <Filter>libs\tracy</Filter>
    </ClInclude>
    <ClInclude Include="headers\libs\tracy\client\TracyScoped.hpp">
      <Filter>libs\tracy</Filter>
    </ClInclude>
    <ClInclude Include="headers\libs\tracy\client\TracyStringHelpers.hpp">
      <Filter>libs\tracy</Filter>
    </ClInclude>
    <ClInclude Include="headers\libs\tracy\client\TracySysPower.hpp">
      <Filter>libs\tracy</Filter>
    </ClInclude>
    <ClInclude Include="headers\libs\tracy\client\TracySysTime.hpp">
      <Filter>libs\tracy</Filter>
    </ClInclude>
    <ClInclude Include="headers\libs\tracy\client\TracySysTrace.hpp">
      <Filter>libs\tracy</Filter>
    </ClInclude>
    <ClInclude Include="headers\libs\tracy\client\TracyThread.hpp">
      <Filter>libs\tracy</Filter>
    </ClInclude>
    <ClInclude Include="headers\libs\tracy\client\tracy_SPSCQueue.h">
      <Filter>libs\tracy</Filter>
    </ClInclude>
    <ClInclude Include="headers\libs\tracy\client\tracy_concurrentqueue.h">
      <Filter>libs\tracy</Filter>
    </ClInclude>
    <ClInclude Include="headers\libs\tracy\client\tracy_rpmalloc.hpp">
      <Filter>libs\tracy</Filter>
    </ClInclude>
    <ClInclude Include="headers\libs\tracy\common\TracyAlign.hpp">
      <Filter>libs\tracy</Filter>
    </ClInclude>
    <ClInclude Include="headers\libs\tracy\common\TracyAlloc.hpp">
      <Filter>libs\tracy</Filter>
    </ClInclude>
    <ClInclude Include="headers\libs\tracy\common\TracyApi.h">
      <Filter>libs\tracy</Filter>
    </ClInclude>
    <ClInclude Include="headers\libs\tracy\common\TracyColor.hpp">
      <Filter>libs\tracy</Filter>
    </ClInclude>
    <ClInclude Include="headers\libs\tracy\common\TracyForceInline.hpp">
      <Filter>libs\tracy</Filter>
    </ClInclude>
    <ClInclude Include="headers\libs\tracy\common\TracyMutex.hpp">
      <Filter>libs\tracy</Filter>
    </ClInclude>
    <ClInclude Include="headers\libs\tracy\common\TracyProtocol.hpp">
      <Filter>libs\tracy</Filter>
    </ClInclude>
    <ClInclude Include="headers\libs\tracy\common\TracyQueue.hpp">
      <Filter>libs\tracy</Filter>
    </ClInclude>
    <ClInclude Include="headers\libs\tracy\common\TracySocket.hpp">
      <Filter>libs\tracy</Filter>
    </ClInclude>
    <ClInclude Include="headers\libs\tracy\common\TracyStackFrames.hpp">
      <Filter>libs\tracy</Filter>
    </ClInclude>
    <ClInclude Include="headers\libs\tracy\common\TracySystem.hpp">
      <Filter>libs\tracy</Filter>
    </ClInclude>
    <ClInclude Include="headers\libs\tracy\common\TracyVersion.hpp">
      <Filter>libs\tracy</Filter>
    </ClInclude>
    <ClInclude Include="headers\libs\tracy\common\TracyWinFamily.hpp">
      <Filter>libs\tracy</Filter>
    </ClInclude>
    <ClInclude Include="headers\libs\tracy\common\TracyYield.hpp">
      <Filter>libs\tracy</Filter>
    </ClInclude>
    <ClInclude Include="headers\libs\tracy\common\tracy_lz4.hpp">
      <Filter>libs\tracy</Filter>
    </ClInclude>
    <ClInclude Include="headers\libs\tracy\common\tracy_lz4hc.hpp">
      <Filter>libs\tracy</Filter>
    </ClInclude>
    <ClInclude Include="headers\libs\tracy\libbacktrace\backtrace.hpp">
      <Filter>libs\tracy</Filter>
    </ClInclude>
    <ClInclude Include="headers\libs\tracy\libbacktrace\config.h">
      <Filter>libs\tracy</Filter>
    </ClInclude>
    <ClInclude Include="headers\libs\tracy\libbacktrace\filenames.hpp">
      <Filter>libs\tracy</Filter>
    </ClInclude>
    <ClInclude Include="headers\libs\tracy\libbacktrace\internal.hpp">
      <Filter>libs\tracy</Filter>
    </ClInclude>
    <ClInclude Include="headers\libs\tracy\tracy\Tracy.hpp">
      <Filter>libs\tracy</Filter>
    </ClInclude>
    <ClInclude Include="headers\libs\tracy\tracy\TracyC.h">
      <Filter>libs\tracy</Filter>
    </ClInclude>
    <ClInclude Include="headers\libs\tracy\tracy\TracyCUDA.hpp">
      <Filter>libs\tracy</Filter>
    </ClInclude>
    <ClInclude Include="headers\libs\tracy\tracy\TracyD3D11.hpp">
      <Filter>libs\tracy</Filter>
    </ClInclude>
    <ClInclude Include="headers\libs\tracy\tracy\TracyD3D12.hpp">
      <Filter>libs\tracy</Filter>
    </ClInclude>
    <ClInclude Include="headers\libs\tracy\tracy\TracyLua.hpp">
      <Filter>libs\tracy</Filter>
    </ClInclude>
    <ClInclude Include="headers\libs\tracy\tracy\TracyOpenCL.hpp">
      <Filter>libs\tracy</Filter>
    </ClInclude>
    <ClInclude Include="headers\libs\tracy\tracy\TracyOpenGL.hpp">
      <Filter>libs\tracy</Filter>
    </ClInclude>
    <ClInclude Include="headers\libs\tracy\tracy\TracyVulkan.hpp">
      <Filter>libs\tracy</Filter>
    </ClInclude>
    <ClInclude Include="headers\libs\draco\attributes\attribute_octahedron_transform.h">
      <Filter>libs\draco</Filter>
    </ClInclude>
    <ClInclude Include="headers\libs\draco\attributes\attribute_quantization_transform.h">
      <Filter>libs\draco</Filter>
    </ClInclude>
    <ClInclude Include="headers\libs\draco\attributes\attribute_transform.h">
      <Filter>libs\draco</Filter>
    </ClInclude>
    <ClInclude Include="headers\libs\draco\attributes\attribute_transform_data.h">
      <Filter>libs\draco</Filter>
    </ClInclude>
    <ClInclude Include="headers\libs\draco\attributes\attribute_transform_type.h">
      <Filter>libs\draco</Filter>
    </ClInclude>
    <ClInclude Include="headers\libs\draco\attributes\geometry_attribute.h">
      <Filter>libs\draco</Filter>
    </ClInclude>
    <ClInclude Include="headers\libs\draco\attributes\geometry_indices.h">
      <Filter>libs\draco</Filter>
    </ClInclude>
    <ClInclude Include="headers\libs\draco\attributes\point_attribute.h">
      <Filter>libs\draco</Filter>
    </ClInclude>
    <ClInclude Include="headers\libs\draco\compression\attributes\attributes_decoder.h">
      <Filter>libs\draco</Filter>
    </ClInclude>
    <ClInclude Include="headers\libs\draco\compression\attributes\attributes_decoder_interface.h">
      <Filter>libs\draco</Filter>
    </ClInclude>
    <ClInclude Include="headers\libs\draco\compression\attributes\kd_tree_attributes_decoder.h">
      <Filter>libs\draco</Filter>
    </ClInclude>
    <ClInclude Include="headers\libs\draco\compression\attributes\kd_tree_attributes_shared.h">
      <Filter>libs\draco</Filter>
    </ClInclude>
    <ClInclude Include="headers\libs\draco\compression\attributes\linear_sequencer.h">
      <Filter>libs\draco</Filter>
    </ClInclude>
    <ClInclude Include="headers\libs\draco\compression\attributes\mesh_attribute_indices_encoding_data.h">
      <Filter>libs\draco</Filter>
    </ClInclude>
    <ClInclude Include="headers\libs\draco\compression\attributes\normal_compression_utils.h">
      <Filter>libs\draco</Filter>
    </ClInclude>
    <ClInclude Include="headers\libs\draco\compression\attributes\point_d_vector.h">
      <Filter>libs\draco</Filter>
    </ClInclude>
    <ClInclude Include="headers\libs\draco\compression\attributes\points_sequencer.h">
      <Filter>libs\draco</Filter>
    </ClInclude>
    <ClInclude Include="headers\libs\draco\compression\attributes\prediction_schemes\mesh_prediction_scheme_constrained_multi_parallelogram_decoder.h">
      <Filter>libs\draco</Filter>
    </ClInclude>
    <ClInclude Include="headers\libs\draco\compression\attributes\prediction_schemes\mesh_prediction_scheme_constrained_multi_parallelogram_shared.h">
      <Filter>libs\draco</Filter>
    </ClInclude>
    <ClInclude Include="headers\libs\draco\compression\attributes\prediction_schemes\mesh_prediction_scheme_data.h">
      <Filter>libs\draco</Filter>
    </ClInclude>
    <ClInclude Include="headers\libs\draco\compression\attributes\prediction_schemes\mesh_prediction_scheme_decoder.h">
      <Filter>libs\draco</Filter>
    </ClInclude>
    <ClInclude Include="headers\libs\draco\compression\attributes\prediction_schemes\mesh_prediction_scheme_geometric_normal_decoder.h">
      <Filter>libs\draco</Filter>
    </ClInclude>
    <ClInclude Include="headers\libs\draco\compression\attributes\prediction_schemes\mesh_prediction_scheme_geometric_normal_predictor_area.h">
      <Filter>libs\draco</Filter>
    </ClInclude>
    <ClInclude Include="headers\libs\draco\compression\attributes\prediction_schemes\mesh_prediction_scheme_geometric_normal_predictor_base.h">
      <Filter>libs\draco</Filter>
    </ClInclude>
    <ClInclude Include="headers\libs\draco\compression\attributes\prediction_schemes\mesh_prediction_scheme_multi_parallelogram_decoder.h">
      <Filter>libs\draco</Filter>
    </ClInclude>
    <ClInclude Include="headers\libs\draco\compression\attributes\prediction_schemes\mesh_prediction_scheme_parallelogram_decoder.h">
      <Filter>libs\draco</Filter>
    </ClInclude>
    <ClInclude Include="headers\libs\draco\compression\attributes\prediction_schemes\mesh_prediction_scheme_parallelogram_encoder.h">
      <Filter>libs\draco</Filter>
    </ClInclude>
    <ClInclude Include="headers\libs\draco\compression\attributes\prediction_schemes\mesh_prediction_scheme_parallelogram_shared.h">
      <Filter>libs\draco</Filter>
    </ClInclude>
    <ClInclude Include="headers\libs\draco\compression\attributes\prediction_schemes\mesh_prediction_scheme_tex_coords_decoder.h">
      <Filter>libs\draco</Filter>
    </ClInclude>
    <ClInclude Include="headers\libs\draco\compression\attributes\prediction_schemes\mesh_prediction_scheme_tex_coords_portable_decoder.h">
      <Filter>libs\draco</Filter>
    </ClInclude>
    <ClInclude Include="headers\libs\draco\compression\attributes\prediction_schemes\mesh_prediction_scheme_tex_coords_portable_predictor.h">
      <Filter>libs\draco</Filter>
    </ClInclude>
    <ClInclude Include="headers\libs\draco\compression\attributes\prediction_schemes\prediction_scheme_decoder.h">
      <Filter>libs\draco</Filter>
    </ClInclude>
    <ClInclude Include="headers\libs\draco\compression\attributes\prediction_schemes\prediction_scheme_decoder_factory.h">
      <Filter>libs\draco</Filter>
    </ClInclude>
    <ClInclude Include="headers\libs\draco\compression\attributes\prediction_schemes\prediction_scheme_decoder_interface.h">
      <Filter>libs\draco</Filter>
    </ClInclude>
    <ClInclude Include="headers\libs\draco\compression\attributes\prediction_schemes\prediction_scheme_decoding_transform.h">
      <Filter>libs\draco</Filter>
    </ClInclude>
    <ClInclude Include="headers\libs\draco\compression\attributes\prediction_schemes\prediction_scheme_delta_decoder.h">
      <Filter>libs\draco</Filter>
    </ClInclude>
    <ClInclude Include="headers\libs\draco\compression\attributes\prediction_schemes\prediction_scheme_factory.h">
      <Filter>libs\draco</Filter>
    </ClInclude>
    <ClInclude Include="headers\libs\draco\compression\attributes\prediction_schemes\prediction_scheme_interface.h">
      <Filter>libs\draco</Filter>
    </ClInclude>
    <ClInclude Include="headers\libs\draco\compression\attributes\prediction_schemes\prediction_scheme_normal_octahedron_canonicalized_decoding_transform.h">
      <Filter>libs\draco</Filter>
    </ClInclude>
    <ClInclude Include="headers\libs\draco\compression\attributes\prediction_schemes\prediction_scheme_normal_octahedron_canonicalized_transform_base.h">
      <Filter>libs\draco</Filter>
    </ClInclude>
    <ClInclude Include="headers\libs\draco\compression\attributes\prediction_schemes\prediction_scheme_normal_octahedron_decoding_transform.h">
      <Filter>libs\draco</Filter>
    </ClInclude>
    <ClInclude Include="headers\libs\draco\compression\attributes\prediction_schemes\prediction_scheme_normal_octahedron_transform_base.h">
      <Filter>libs\draco</Filter>
    </ClInclude>
    <ClInclude Include="headers\libs\draco\compression\attributes\prediction_schemes\prediction_scheme_wrap_decoding_transform.h">
      <Filter>libs\draco</Filter>
    </ClInclude>
    <ClInclude Include="headers\libs\draco\compression\attributes\prediction_schemes\prediction_scheme_wrap_transform_base.h">
      <Filter>libs\draco</Filter>
    </ClInclude>
    <ClInclude Include="headers\libs\draco\compression\attributes\sequential_attribute_decoder.h">
      <Filter>libs\draco</Filter>
    </ClInclude>
    <ClInclude Include="headers\libs\draco\compression\attributes\sequential_attribute_decoders_controller.h">
      <Filter>libs\draco</Filter>
    </ClInclude>
    <ClInclude Include="headers\libs\draco\compression\attributes\sequential_integer_attribute_decoder.h">
      <Filter>libs\draco</Filter>
    </ClInclude>
    <ClInclude Include="headers\libs\draco\compression\attributes\sequential_normal_attribute_decoder.h">
      <Filter>libs\draco</Filter>
    </ClInclude>
    <ClInclude Include="headers\libs\draco\compression\attributes\sequential_quantization_attribute_decoder.h">
      <Filter>libs\draco</Filter>
    </ClInclude>
    <ClInclude Include="headers\libs\draco\compression\bit_coders\adaptive_rans_bit_coding_shared.h">
      <Filter>libs\draco</Filter>
    </ClInclude>
    <ClInclude Include="headers\libs\draco\compression\bit_coders\adaptive_rans_bit_decoder.h">
      <Filter>libs\draco</Filter>
    </ClInclude>
    <ClInclude Include="headers\libs\draco\compression\bit_coders\adaptive_rans_bit_encoder.h">
      <Filter>libs\draco</Filter>
    </ClInclude>
    <ClInclude Include="headers\libs\draco\compression\bit_coders\direct_bit_decoder.h">
      <Filter>libs\draco</Filter>
    </ClInclude>
    <ClInclude Include="headers\libs\draco\compression\bit_coders\direct_bit_encoder.h">
      <Filter>libs\draco</Filter>
    </ClInclude>
    <ClInclude Include="headers\libs\draco\compression\bit_coders\folded_integer_bit_decoder.h">
      <Filter>libs\draco</Filter>
    </ClInclude>
    <ClInclude Include="headers\libs\draco\compression\bit_coders\folded_integer_bit_encoder.h">
      <Filter>libs\draco</Filter>
    </ClInclude>
    <ClInclude Include="headers\libs\draco\compression\bit_coders\rans_bit_decoder.h">
      <Filter>libs\draco</Filter>
    </ClInclude>
    <ClInclude Include="headers\libs\draco\compression\bit_coders\rans_bit_encoder.h">
      <Filter>libs\draco</Filter>
    </ClInclude>
    <ClInclude Include="headers\libs\draco\compression\bit_coders\symbol_bit_decoder.h">
      <Filter>libs\draco</Filter>
    </ClInclude>
    <ClInclude Include="headers\libs\draco\compression\bit_coders\symbol_bit_encoder.h">
      <Filter>libs\draco</Filter>
    </ClInclude>
    <ClInclude Include="headers\libs\draco\compression\config\compression_shared.h">
      <Filter>libs\draco</Filter>
    </ClInclude>
    <ClInclude Include="headers\libs\draco\compression\config\decoder_options.h">
      <Filter>libs\draco</Filter>
    </ClInclude>
    <ClInclude Include="headers\libs\draco\compression\config\draco_options.h">
      <Filter>libs\draco</Filter>
    </ClInclude>
    <ClInclude Include="headers\libs\draco\compression\decode.h">
      <Filter>libs\draco</Filter>
    </ClInclude>
    <ClInclude Include="headers\libs\draco\compression\draco_compression_options.h">
      <Filter>libs\draco</Filter>
    </ClInclude>
    <ClInclude Include="headers\libs\draco\compression\entropy\ans.h">
      <Filter>libs\draco</Filter>
    </ClInclude>
    <ClInclude Include="headers\libs\draco\compression\entropy\rans_symbol_coding.h">
      <Filter>libs\draco</Filter>
    </ClInclude>
    <ClInclude Include="headers\libs\draco\compression\entropy\rans_symbol_decoder.h">
      <Filter>libs\draco</Filter>
    </ClInclude>
    <ClInclude Include="headers\libs\draco\compression\entropy\rans_symbol_encoder.h">
      <Filter>libs\draco</Filter>
    </ClInclude>
    <ClInclude Include="headers\libs\draco\compression\entropy\shannon_entropy.h">
      <Filter>libs\draco</Filter>
    </ClInclude>
    <ClInclude Include="headers\libs\draco\compression\entropy\symbol_decoding.h">
      <Filter>libs\draco</Filter>
    </ClInclude>
    <ClInclude Include="headers\libs\draco\compression\entropy\symbol_encoding.h">
      <Filter>libs\draco</Filter>
    </ClInclude>
    <ClInclude Include="headers\libs\draco\compression\mesh\mesh_decoder.h">
      <Filter>libs\draco</Filter>
    </ClInclude>
    <ClInclude Include="headers\libs\draco\compression\mesh\mesh_edgebreaker_decoder.h">
      <Filter>libs\draco</Filter>
    </ClInclude>
    <ClInclude Include="headers\libs\draco\compression\mesh\mesh_edgebreaker_decoder_impl.h">
      <Filter>libs\draco</Filter>
    </ClInclude>
    <ClInclude Include="headers\libs\draco\compression\mesh\mesh_edgebreaker_decoder_impl_interface.h">
      <Filter>libs\draco</Filter>
    </ClInclude>
    <ClInclude Include="headers\libs\draco\compression\mesh\mesh_edgebreaker_shared.h">
      <Filter>libs\draco</Filter>
    </ClInclude>
    <ClInclude Include="headers\libs\draco\compression\mesh\mesh_edgebreaker_traversal_decoder.h">
      <Filter>libs\draco</Filter>
    </ClInclude>
    <ClInclude Include="headers\libs\draco\compression\mesh\mesh_edgebreaker_traversal_predictive_decoder.h">
      <Filter>libs\draco</Filter>
    </ClInclude>
    <ClInclude Include="headers\libs\draco\compression\mesh\mesh_edgebreaker_traversal_valence_decoder.h">
      <Filter>libs\draco</Filter>
    </ClInclude>
    <ClInclude Include="headers\libs\draco\compression\mesh\mesh_sequential_decoder.h">
      <Filter>libs\draco</Filter>
    </ClInclude>
    <ClInclude Include="headers\libs\draco\compression\mesh\traverser\depth_first_traverser.h">
      <Filter>libs\draco</Filter>
    </ClInclude>
    <ClInclude Include="headers\libs\draco\compression\mesh\traverser\max_prediction_degree_traverser.h">
      <Filter>libs\draco</Filter>
    </ClInclude>
    <ClInclude Include="headers\libs\draco\compression\mesh\traverser\mesh_attribute_indices_encoding_observer.h">
      <Filter>libs\draco</Filter>
    </ClInclude>
    <ClInclude Include="headers\libs\draco\compression\mesh\traverser\mesh_traversal_sequencer.h">
      <Filter>libs\draco</Filter>
    </ClInclude>
    <ClInclude Include="headers\libs\draco\compression\mesh\traverser\traverser_base.h">
      <Filter>libs\draco</Filter>
    </ClInclude>
    <ClInclude Include="headers\libs\draco\compression\point_cloud\algorithms\dynamic_integer_points_kd_tree_decoder.h">
      <Filter>libs\draco</Filter>
    </ClInclude>
    <ClInclude Include="headers\libs\draco\compression\point_cloud\algorithms\float_points_tree_decoder.h">
      <Filter>libs\draco</Filter>
    </ClInclude>
    <ClInclude Include="headers\libs\draco\compression\point_cloud\algorithms\point_cloud_compression_method.h">
      <Filter>libs\draco</Filter>
    </ClInclude>
    <ClInclude Include="headers\libs\draco\compression\point_cloud\algorithms\point_cloud_types.h">
      <Filter>libs\draco</Filter>
    </ClInclude>
    <ClInclude Include="headers\libs\draco\compression\point_cloud\algorithms\quantize_points_3.h">
      <Filter>libs\draco</Filter>
    </ClInclude>
    <ClInclude Include="headers\libs\draco\compression\point_cloud\algorithms\queuing_policy.h">
      <Filter>libs\draco</Filter>
    </ClInclude>
    <ClInclude Include="headers\libs\draco\compression\point_cloud\point_cloud_decoder.h">
      <Filter>libs\draco</Filter>
    </ClInclude>
    <ClInclude Include="headers\libs\draco\compression\point_cloud\point_cloud_kd_tree_decoder.h">
      <Filter>libs\draco</Filter>
    </ClInclude>
    <ClInclude Include="headers\libs\draco\compression\point_cloud\point_cloud_sequential_decoder.h">
      <Filter>libs\draco</Filter>
    </ClInclude>
    <ClInclude Include="headers\libs\draco\core\bit_utils.h">
      <Filter>libs\draco</Filter>
    </ClInclude>
    <ClInclude Include="headers\libs\draco\core\bounding_box.h">
      <Filter>libs\draco</Filter>
    </ClInclude>
    <ClInclude Include="headers\libs\draco\core\constants.h">
      <Filter>libs\draco</Filter>
    </ClInclude>
    <ClInclude Include="headers\libs\draco\core\cycle_timer.h">
      <Filter>libs\draco</Filter>
    </ClInclude>
    <ClInclude Include="headers\libs\draco\core\data_buffer.h">
      <Filter>libs\draco</Filter>
    </ClInclude>
    <ClInclude Include="headers\libs\draco\core\decoder_buffer.h">
      <Filter>libs\draco</Filter>
    </ClInclude>
    <ClInclude Include="headers\libs\draco\core\divide.h">
      <Filter>libs\draco</Filter>
    </ClInclude>
    <ClInclude Include="headers\libs\draco\core\draco_index_type.h">
      <Filter>libs\draco</Filter>
    </ClInclude>
    <ClInclude Include="headers\libs\draco\core\draco_index_type_vector.h">
      <Filter>libs\draco</Filter>
    </ClInclude>
    <ClInclude Include="headers\libs\draco\core\draco_types.h">
      <Filter>libs\draco</Filter>
    </ClInclude>
    <ClInclude Include="headers\libs\draco\core\draco_version.h">
      <Filter>libs\draco</Filter>
    </ClInclude>
    <ClInclude Include="headers\libs\draco\core\encoder_buffer.h">
      <Filter>libs\draco</Filter>
    </ClInclude>
    <ClInclude Include="headers\libs\draco\core\hash_utils.h">
      <Filter>libs\draco</Filter>
    </ClInclude>
    <ClInclude Include="headers\libs\draco\core\macros.h">
      <Filter>libs\draco</Filter>
    </ClInclude>
    <ClInclude Include="headers\libs\draco\core\math_utils.h">
      <Filter>libs\draco</Filter>
    </ClInclude>
    <ClInclude Include="headers\libs\draco\core\options.h">
      <Filter>libs\draco</Filter>
    </ClInclude>
    <ClInclude Include="headers\libs\draco\core\quantization_utils.h">
      <Filter>libs\draco</Filter>
    </ClInclude>
    <ClInclude Include="headers\libs\draco\core\status.h">
      <Filter>libs\draco</Filter>
    </ClInclude>
    <ClInclude Include="headers\libs\draco\core\status_or.h">
      <Filter>libs\draco</Filter>
    </ClInclude>
    <ClInclude Include="headers\libs\draco\core\varint_decoding.h">
      <Filter>libs\draco</Filter>
    </ClInclude>
    <ClInclude Include="headers\libs\draco\core\varint_encoding.h">
      <Filter>libs\draco</Filter>
    </ClInclude>
    <ClInclude Include="headers\libs\draco\core\vector_d.h">
      <Filter>libs\draco</Filter>
    </ClInclude>
    <ClInclude Include="headers\libs\draco\draco_features.h">
      <Filter>libs\draco</Filter>
    </ClInclude>
    <ClInclude Include="headers\libs\draco\mesh\corner_table.h">
      <Filter>libs\draco</Filter>
    </ClInclude>
    <ClInclude Include="headers\libs\draco\mesh\corner_table_iterators.h">
      <Filter>libs\draco</Filter>
    </ClInclude>
    <ClInclude Include="headers\libs\draco\mesh\mesh.h">
      <Filter>libs\draco</Filter>
    </ClInclude>
    <ClInclude Include="headers\libs\draco\mesh\mesh_attribute_corner_table.h">
      <Filter>libs\draco</Filter>
    </ClInclude>
    <ClInclude Include="headers\libs\draco\mesh\mesh_cleanup.h">
      <Filter>libs\draco</Filter>
    </ClInclude>
    <ClInclude Include="headers\libs\draco\mesh\mesh_connected_components.h">
      <Filter>libs\draco</Filter>
    </ClInclude>
    <ClInclude Include="headers\libs\draco\mesh\mesh_features.h">
      <Filter>libs\draco</Filter>
    </ClInclude>
    <ClInclude Include="headers\libs\draco\mesh\mesh_indices.h">
      <Filter>libs\draco</Filter>
    </ClInclude>
    <ClInclude Include="headers\libs\draco\mesh\mesh_misc_functions.h">
      <Filter>libs\draco</Filter>
    </ClInclude>
    <ClInclude Include="headers\libs\draco\mesh\mesh_splitter.h">
      <Filter>libs\draco</Filter>
    </ClInclude>
    <ClInclude Include="headers\libs\draco\mesh\mesh_stripifier.h">
      <Filter>libs\draco</Filter>
    </ClInclude>
    <ClInclude Include="headers\libs\draco\mesh\mesh_utils.h">
      <Filter>libs\draco</Filter>
    </ClInclude>
    <ClInclude Include="headers\libs\draco\mesh\triangle_soup_mesh_builder.h">
      <Filter>libs\draco</Filter>
    </ClInclude>
    <ClInclude Include="headers\libs\draco\mesh\valence_cache.h">
      <Filter>libs\draco</Filter>
    </ClInclude>
    <ClInclude Include="headers\libs\draco\metadata\geometry_metadata.h">
      <Filter>libs\draco</Filter>
    </ClInclude>
    <ClInclude Include="headers\libs\draco\metadata\metadata.h">
      <Filter>libs\draco</Filter>
    </ClInclude>
    <ClInclude Include="headers\libs\draco\metadata\metadata_decoder.h">
      <Filter>libs\draco</Filter>
    </ClInclude>
    <ClInclude Include="headers\libs\draco\metadata\property_attribute.h">
      <Filter>libs\draco</Filter>
    </ClInclude>
    <ClInclude Include="headers\libs\draco\metadata\property_table.h">
      <Filter>libs\draco</Filter>
    </ClInclude>
    <ClInclude Include="headers\libs\draco\metadata\structural_metadata.h">
      <Filter>libs\draco</Filter>
    </ClInclude>
    <ClInclude Include="headers\libs\draco\metadata\structural_metadata_schema.h">
      <Filter>libs\draco</Filter>
    </ClInclude>
    <ClInclude Include="headers\libs\draco\point_cloud\point_cloud.h">
      <Filter>libs\draco</Filter>
    </ClInclude>
    <ClInclude Include="headers\libs\draco\point_cloud\point_cloud_builder.h">
      <Filter>libs\draco</Filter>
    </ClInclude>
    <ClInclude Include="headers\Scene\I3SSceneLayer.h">
      <Filter>Header Files</Filter>
    </ClInclude>
    <ClInclude Include="headers\Renderer\OverlayDrawList.h">
      <Filter>Header Files</Filter>
    </ClInclude>
    <ClInclude Include="headers\Renderer\passes\OverlayPass.h">
      <Filter>Header Files</Filter>
    </ClInclude>
    <ClInclude Include="headers\libs\spirv_reflect\spirv_reflect.h">
      <Filter>Header Files</Filter>
    </ClInclude>
    <ClInclude Include="headers\libs\volk\volk.h">
      <Filter>Header Files</Filter>
    </ClInclude>
    <ClInclude Include="headers\libs\vma\vk_mem_alloc.h">
      <Filter>Header Files</Filter>
    </ClInclude>
    <ClInclude Include="headers\Core\SceneManager.h">
      <Filter>Header Files</Filter>
    </ClInclude>
    <ClInclude Include="headers\Core\SnapshotManager.h">
      <Filter>Header Files</Filter>
    </ClInclude>
    <ClInclude Include="headers\Core\UndoManager.h">
      <Filter>Header Files</Filter>
    </ClInclude>
    <ClInclude Include="headers\Core\CursorSynchronizer.h">
      <Filter>Header Files</Filter>
    </ClInclude>
    <ClInclude Include="headers\Core\CursorSyncState.h">
      <Filter>Header Files</Filter>
    </ClInclude>
    <ClInclude Include="headers\Engine\XRSession.h">
      <Filter>Header Files</Filter>
    </ClInclude>
    <ClInclude Include="headers\engine\data.h">
      <Filter>Header Files</Filter>
    </ClInclude>
    <ClInclude Include="headers\Engine\OctreePointCloudManager.h">
      <Filter>Header Files</Filter>
    </ClInclude>
    <ClInclude Include="headers\Engine\ShortcutManager.h">
      <Filter>Header Files</Filter>
    </ClInclude>
    <ClInclude Include="headers\Engine\SpaceMouseInput.h">
      <Filter>Header Files</Filter>
    </ClInclude>
    <ClInclude Include="headers\Engine\ThreeDConnexionSync.h">
      <Filter>Header Files</Filter>
    </ClInclude>
    <ClInclude Include="headers\Engine\Screenshot.h">
      <Filter>Header Files</Filter>
    </ClInclude>
    <ClInclude Include="headers\Tools\ClipPlaneTool.h">
      <Filter>Header Files</Filter>
    </ClInclude>
    <ClInclude Include="headers\Tools\MeasurementTool.h">
      <Filter>Header Files</Filter>
    </ClInclude>
    <ClInclude Include="headers\Tools\TransformGizmo.h">
      <Filter>Header Files</Filter>
    </ClInclude>
    <ClInclude Include="headers\Plugins\Plugin.h">
      <Filter>Header Files</Filter>
    </ClInclude>
    <ClInclude Include="headers\Plugins\PluginContext.h">
      <Filter>Header Files</Filter>
    </ClInclude>
    <ClInclude Include="headers\Plugins\PluginManager.h">
      <Filter>Header Files</Filter>
    </ClInclude>
    <ClInclude Include="headers\Plugins\PluginRegistry.h">
      <Filter>Header Files</Filter>
    </ClInclude>
    <ClInclude Include="headers\Plugins\MeasurementPlugin.h">
      <Filter>Header Files</Filter>
    </ClInclude>
    <ClInclude Include="headers\Plugins\Examples\CrosshairPlugin.h">
      <Filter>Header Files</Filter>
    </ClInclude>
    <ClInclude Include="headers\libs\imgui\backends\imgui_impl_glfw.h">
      <Filter>Header Files</Filter>
    </ClInclude>
    <ClInclude Include="headers\libs\imgui\backends\imgui_impl_vulkan.h">
      <Filter>Header Files</Filter>
    </ClInclude>
    <ClInclude Include="headers\libs\imgui\imconfig.h">
      <Filter>Header Files</Filter>
    </ClInclude>
    <ClInclude Include="headers\libs\imgui\imgui.h">
      <Filter>Header Files</Filter>
    </ClInclude>
    <ClInclude Include="headers\libs\imgui\imgui_incl.h">
      <Filter>Header Files</Filter>
    </ClInclude>
    <ClInclude Include="headers\libs\imgui\imgui_internal.h">
      <Filter>Header Files</Filter>
    </ClInclude>
    <ClInclude Include="headers\libs\imgui\imgui_sytle.h">
      <Filter>Header Files</Filter>
    </ClInclude>
    <ClInclude Include="headers\libs\imgui\imstb_rectpack.h">
      <Filter>Header Files</Filter>
    </ClInclude>
    <ClInclude Include="headers\libs\imgui\imstb_textedit.h">
      <Filter>Header Files</Filter>
    </ClInclude>
    <ClInclude Include="headers\libs\imgui\imstb_truetype.h">
      <Filter>Header Files</Filter>
    </ClInclude>
    <ClInclude Include="headers\libs\json.h">
      <Filter>Header Files</Filter>
    </ClInclude>
    <ClInclude Include="headers\libs\openLinks.h">
      <Filter>Header Files</Filter>
    </ClInclude>
    <ClInclude Include="headers\libs\stb_image.h">
      <Filter>Header Files</Filter>
    </ClInclude>
    <ClInclude Include="headers\libs\libdeflate\libdeflate.h">
      <Filter>Header Files</Filter>
    </ClInclude>
    <ClInclude Include="headers\libs\libdeflate\common_defs.h">
      <Filter>Header Files</Filter>
    </ClInclude>
    <ClInclude Include="headers\libs\libdeflate\lib\cpu_features_common.h">
      <Filter>Header Files</Filter>
    </ClInclude>
    <ClInclude Include="headers\libs\libdeflate\lib\crc32_multipliers.h">
      <Filter>Header Files</Filter>
    </ClInclude>
    <ClInclude Include="headers\libs\libdeflate\lib\crc32_tables.h">
      <Filter>Header Files</Filter>
    </ClInclude>
    <ClInclude Include="headers\libs\libdeflate\lib\decompress_template.h">
      <Filter>Header Files</Filter>
    </ClInclude>
    <ClInclude Include="headers\libs\libdeflate\lib\deflate_constants.h">
      <Filter>Header Files</Filter>
    </ClInclude>
    <ClInclude Include="headers\libs\libdeflate\lib\gzip_constants.h">
      <Filter>Header Files</Filter>
    </ClInclude>
    <ClInclude Include="headers\libs\libdeflate\lib\lib_common.h">
      <Filter>Header Files</Filter>
    </ClInclude>
    <ClInclude Include="headers\libs\libdeflate\lib\zlib_constants.h">
      <Filter>Header Files</Filter>
    </ClInclude>
    <ClInclude Include="headers\libs\libdeflate\lib\x86\adler32_impl.h">
      <Filter>Header Files</Filter>
    </ClInclude>
    <ClInclude Include="headers\libs\libdeflate\lib\x86\adler32_template.h">
      <Filter>Header Files</Filter>
    </ClInclude>
    <ClInclude Include="headers\libs\libdeflate\lib\x86\cpu_features.h">
      <Filter>Header Files</Filter>
    </ClInclude>
    <ClInclude Include="headers\libs\libdeflate\lib\x86\crc32_impl.h">
      <Filter>Header Files</Filter>
    </ClInclude>
    <ClInclude Include="headers\libs\libdeflate\lib\x86\crc32_pclmul_template.h">
      <Filter>Header Files</Filter>
    </ClInclude>
    <ClInclude Include="headers\libs\libdeflate\lib\x86\decompress_impl.h">
      <Filter>Header Files</Filter>
    </ClInclude>
    <ClInclude Include="headers\libs\md5\md5.h">
      <Filter>Header Files</Filter>
    </ClInclude>
    <ClInclude Include="headers\Gui\Settings.h">
      <Filter>Header Files</Filter>
    </ClInclude>
    <ClInclude Include="headers\Gui\Services.h">
      <Filter>Header Files</Filter>
    </ClInclude>
    <ClInclude Include="headers\Gui\GuiSystem.h">
      <Filter>Header Files</Filter>
    </ClInclude>
    <ClInclude Include="headers\Gui\Panels.h">
      <Filter>Header Files</Filter>
    </ClInclude>
    <ClInclude Include="headers\Gui\UiKit.h">
      <Filter>Header Files</Filter>
    </ClInclude>
    <ClInclude Include="headers\Gui\Outliner.h">
      <Filter>Header Files</Filter>
    </ClInclude>
    <ClInclude Include="headers\Gui\Inspector.h">
      <Filter>Header Files</Filter>
    </ClInclude>
    <ClInclude Include="headers\Gui\Preferences.h">
      <Filter>Header Files</Filter>
    </ClInclude>
    <ClInclude Include="headers\Core\CommandRegistry.h">
      <Filter>Header Files</Filter>
    </ClInclude>
    <ClInclude Include="headers\Core\Shortcuts.h">
      <Filter>Header Files</Filter>
    </ClInclude>
    <ClInclude Include="headers\Cursors\CursorTypes.h">
      <Filter>Header Files</Filter>
    </ClInclude>
  </ItemGroup>
  <ItemGroup>
    <CustomBuild Include="assets\shaders_vk\mesh.vert">
      <Filter>Shaders</Filter>
    </CustomBuild>
    <CustomBuild Include="assets\shaders_vk\mesh.frag">
      <Filter>Shaders</Filter>
    </CustomBuild>
    <CustomBuild Include="assets\shaders_vk\depth_sun.vert">
      <Filter>Shaders</Filter>
    </CustomBuild>
    <CustomBuild Include="assets\shaders_vk\depth_point.vert">
      <Filter>Shaders</Filter>
    </CustomBuild>
    <CustomBuild Include="assets\shaders_vk\depth_sun_masked.vert">
      <Filter>Shaders</Filter>
    </CustomBuild>
    <CustomBuild Include="assets\shaders_vk\depth_point_masked.vert">
      <Filter>Shaders</Filter>
    </CustomBuild>
    <CustomBuild Include="assets\shaders_vk\depth_masked.frag">
      <Filter>Shaders</Filter>
    </CustomBuild>
    <CustomBuild Include="assets\shaders_vk\skybox.vert">
      <Filter>Shaders</Filter>
    </CustomBuild>
    <CustomBuild Include="assets\shaders_vk\skybox.frag">
      <Filter>Shaders</Filter>
    </CustomBuild>
    <CustomBuild Include="assets\shaders_vk\fullscreen.vert">
      <Filter>Shaders</Filter>
    </CustomBuild>
    <CustomBuild Include="assets\shaders_vk\tonemap.frag">
      <Filter>Shaders</Filter>
    </CustomBuild>
    <CustomBuild Include="assets\shaders_vk\pointcloud_rasterize.comp">
      <Filter>Shaders</Filter>
    </CustomBuild>
    <CustomBuild Include="assets\shaders_vk\pointcloud_lookup.comp">
      <Filter>Shaders</Filter>
    </CustomBuild>
    <CustomBuild Include="assets\shaders_vk\pointcloud_hqs_depth.comp">
      <Filter>Shaders</Filter>
    </CustomBuild>
    <CustomBuild Include="assets\shaders_vk\pointcloud_hqs_color.comp">
      <Filter>Shaders</Filter>
    </CustomBuild>
    <CustomBuild Include="assets\shaders_vk\pointcloud_resolve.frag">
      <Filter>Shaders</Filter>
    </CustomBuild>
    <CustomBuild Include="assets\shaders_vk\pointcloud_hqs_resolve.frag">
      <Filter>Shaders</Filter>
    </CustomBuild>
  </ItemGroup>
  <ItemGroup>
    <None Include="assets\shaders_vk\scene_types.h">
      <Filter>Shaders</Filter>
    </None>
    <None Include="assets\shaders_vk\pointcloud_types.h">
      <Filter>Shaders</Filter>
    </None>
    <None Include="assets\shaders_vk\pointcloud_common.glsl">
      <Filter>Shaders</Filter>
    </None>
    <None Include="headers\libs\basisu\transcoder\basisu_astc_cfgs.inl">
      <Filter>libs\basisu</Filter>
    </None>
    <None Include="headers\libs\basisu\transcoder\basisu_etc1_mods.inl">
      <Filter>libs\basisu</Filter>
    </None>
    <None Include="headers\libs\basisu\transcoder\basisu_transcoder.cpp">
      <Filter>libs\basisu</Filter>
    </None>
    <None Include="headers\libs\basisu\transcoder\basisu_transcoder_tables_astc.inc">
      <Filter>libs\basisu</Filter>
    </None>
    <None Include="headers\libs\basisu\transcoder\basisu_transcoder_tables_astc_0_255.inc">
      <Filter>libs\basisu</Filter>
    </None>
    <None Include="headers\libs\basisu\transcoder\basisu_transcoder_tables_atc_55.inc">
      <Filter>libs\basisu</Filter>
    </None>
    <None Include="headers\libs\basisu\transcoder\basisu_transcoder_tables_atc_56.inc">
      <Filter>libs\basisu</Filter>
    </None>
    <None Include="headers\libs\basisu\transcoder\basisu_transcoder_tables_bc7_m5_alpha.inc">
      <Filter>libs\basisu</Filter>
    </None>
    <None Include="headers\libs\basisu\transcoder\basisu_transcoder_tables_bc7_m5_color.inc">
      <Filter>libs\basisu</Filter>
    </None>
    <None Include="headers\libs\basisu\transcoder\basisu_transcoder_tables_dxt1_5.inc">
      <Filter>libs\basisu</Filter>
    </None>
    <None Include="headers\libs\basisu\transcoder\basisu_transcoder_tables_dxt1_6.inc">
      <Filter>libs\basisu</Filter>
    </None>
    <None Include="headers\libs\basisu\transcoder\basisu_transcoder_tables_pvrtc2_45.inc">
      <Filter>libs\basisu</Filter>
    </None>
    <None Include="headers\libs\basisu\transcoder\basisu_transcoder_tables_pvrtc2_alpha_33.inc">
      <Filter>libs\basisu</Filter>
    </None>
    <None Include="headers\libs\tracy\client\TracyAlloc.cpp">
      <Filter>libs\tracy</Filter>
    </None>
    <None Include="headers\libs\tracy\client\TracyCallstack.cpp">
      <Filter>libs\tracy</Filter>
    </None>
    <None Include="headers\libs\tracy\client\TracyDxt1.cpp">
      <Filter>libs\tracy</Filter>
    </None>
    <None Include="headers\libs\tracy\client\TracyKCore.cpp">
      <Filter>libs\tracy</Filter>
    </None>
    <None Include="headers\libs\tracy\client\TracyOverride.cpp">
      <Filter>libs\tracy</Filter>
    </None>
    <None Include="headers\libs\tracy\client\TracyProfiler.cpp">
      <Filter>libs\tracy</Filter>
    </None>
    <None Include="headers\libs\tracy\client\TracyRocprof.cpp">
      <Filter>libs\tracy</Filter>
    </None>
    <None Include="headers\libs\tracy\client\TracySysPower.cpp">
      <Filter>libs\tracy</Filter>
    </None>
    <None Include="headers\libs\tracy\client\TracySysTime.cpp">
      <Filter>libs\tracy</Filter>
    </None>
    <None Include="headers\libs\tracy\client\TracySysTrace.cpp">
      <Filter>libs\tracy</Filter>
    </None>
    <None Include="headers\libs\tracy\client\tracy_rpmalloc.cpp">
      <Filter>libs\tracy</Filter>
    </None>
    <None Include="headers\libs\tracy\common\TracySocket.cpp">
      <Filter>libs\tracy</Filter>
    </None>
    <None Include="headers\libs\tracy\common\TracyStackFrames.cpp">
      <Filter>libs\tracy</Filter>
    </None>
    <None Include="headers\libs\tracy\common\TracySystem.cpp">
      <Filter>libs\tracy</Filter>
    </None>
    <None Include="headers\libs\tracy\common\tracy_lz4.cpp">
      <Filter>libs\tracy</Filter>
    </None>
    <None Include="headers\libs\tracy\common\tracy_lz4hc.cpp">
      <Filter>libs\tracy</Filter>
    </None>
    <None Include="headers\libs\tracy\libbacktrace\alloc.cpp">
      <Filter>libs\tracy</Filter>
    </None>
    <None Include="headers\libs\tracy\libbacktrace\dwarf.cpp">
      <Filter>libs\tracy</Filter>
    </None>
    <None Include="headers\libs\tracy\libbacktrace\elf.cpp">
      <Filter>libs\tracy</Filter>
    </None>
    <None Include="headers\libs\tracy\libbacktrace\fileline.cpp">
      <Filter>libs\tracy</Filter>
    </None>
    <None Include="headers\libs\tracy\libbacktrace\macho.cpp">
      <Filter>libs\tracy</Filter>
    </None>
    <None Include="headers\libs\tracy\libbacktrace\mmapio.cpp">
      <Filter>libs\tracy</Filter>
    </None>
    <None Include="headers\libs\tracy\libbacktrace\posix.cpp">
      <Filter>libs\tracy</Filter>
    </None>
    <None Include="headers\libs\tracy\libbacktrace\sort.cpp">
      <Filter>libs\tracy</Filter>
    </None>
    <None Include="headers\libs\tracy\libbacktrace\state.cpp">
      <Filter>libs\tracy</Filter>
    </None>
  </ItemGroup>
  <ItemGroup>
  </ItemGroup>
</Project>
