<?xml version="1.0" encoding="utf-8"?>
<Project ToolsVersion="4.0" xmlns="http://schemas.microsoft.com/developer/msbuild/2003">
  <ItemGroup>
    <Filter Include="Source Files">
      <UniqueIdentifier>{4FC737F1-C7A5-4376-A066-2A32D752A2FF}</UniqueIdentifier>
      <Extensions>cpp;c;cc;cxx;c++;cppm;ixx;def;odl;idl;hpj;bat;asm;asmx</Extensions>
    </Filter>
    <Filter Include="Header Files">
      <UniqueIdentifier>{93995380-89BD-4b04-88EB-625FBE52EBFB}</UniqueIdentifier>
      <Extensions>h;hh;hpp;hxx;h++;hm;inl;inc;ipp;xsd</Extensions>
    </Filter>
    <Filter Include="Resource Files">
      <UniqueIdentifier>{67DA6AB6-F800-4c08-8B7A-83BB121AAD01}</UniqueIdentifier>
      <Extensions>rc;ico;cur;bmp;dlg;rc2;rct;bin;rgs;gif;jpg;jpeg;jpe;resx;tiff;tif;png;wav;mfcribbon-ms</Extensions>
    </Filter>
    <Filter Include="Shaders">
      <UniqueIdentifier>{B2E1A5C4-7D3F-4E86-9A0B-52C6D1F0A9E3}</UniqueIdentifier>
      <Extensions>vert;frag;comp;geom;glsl;spv</Extensions>
    </Filter>
  </ItemGroup>
  <ItemGroup>
    <ClCompile Include="src\App\Application.cpp">
      <Filter>Source Files</Filter>
    </ClCompile>
    <ClCompile Include="src\App\main.cpp">
      <Filter>Source Files</Filter>
    </ClCompile>
    <ClCompile Include="src\Platform\Window.cpp">
      <Filter>Source Files</Filter>
    </ClCompile>
    <ClCompile Include="src\RHI\Buffer.cpp">
      <Filter>Source Files</Filter>
    </ClCompile>
    <ClCompile Include="src\RHI\DescriptorAllocator.cpp">
      <Filter>Source Files</Filter>
    </ClCompile>
    <ClCompile Include="src\RHI\Device.cpp">
      <Filter>Source Files</Filter>
    </ClCompile>
    <ClCompile Include="src\RHI\Pipeline.cpp">
      <Filter>Source Files</Filter>
    </ClCompile>
    <ClCompile Include="src\RHI\ShaderCompiler.cpp">
      <Filter>Source Files</Filter>
    </ClCompile>
    <ClCompile Include="src\RHI\Swapchain.cpp">
      <Filter>Source Files</Filter>
    </ClCompile>
    <ClCompile Include="src\RHI\Texture.cpp">
      <Filter>Source Files</Filter>
    </ClCompile>
    <ClCompile Include="src\RHI\UploadRing.cpp">
      <Filter>Source Files</Filter>
    </ClCompile>
    <ClCompile Include="src\RHI\VmaUsage.cpp">
      <Filter>Source Files</Filter>
    </ClCompile>
    <ClCompile Include="src\RHI\VulkanCommon.cpp">
      <Filter>Source Files</Filter>
    </ClCompile>
    <ClCompile Include="src\Renderer\Renderer.cpp">
      <Filter>Source Files</Filter>
    </ClCompile>
    <ClCompile Include="src\Renderer\passes\TonemapPass.cpp">
      <Filter>Source Files</Filter>
    </ClCompile>
    <ClCompile Include="src\Renderer\MaterialSystem.cpp">
      <Filter>Source Files</Filter>
    </ClCompile>
    <ClCompile Include="src\Renderer\MeshBuffer.cpp">
      <Filter>Source Files</Filter>
    </ClCompile>
    <ClCompile Include="src\Renderer\PointCloudGpu.cpp">
      <Filter>Source Files</Filter>
    </ClCompile>
    <ClCompile Include="src\Renderer\passes\ShadowPass.cpp">
      <Filter>Source Files</Filter>
    </ClCompile>
    <ClCompile Include="src\Renderer\passes\ForwardPass.cpp">
      <Filter>Source Files</Filter>
    </ClCompile>
    <ClCompile Include="src\Renderer\passes\PointCloudPass.cpp">
      <Filter>Source Files</Filter>
    </ClCompile>
    <ClCompile Include="src\Renderer\passes\SkyboxPass.cpp">
      <Filter>Source Files</Filter>
    </ClCompile>
    <ClCompile Include="src\Scene\Primitives.cpp">
      <Filter>Source Files</Filter>
    </ClCompile>
    <ClCompile Include="src\Scene\ModelImporter.cpp">
      <Filter>Source Files</Filter>
    </ClCompile>
    <ClCompile Include="src\Scene\SceneLoader.cpp">
      <Filter>Source Files</Filter>
    </ClCompile>
    <ClCompile Include="src\Scene\ScenePicking.cpp">
      <Filter>Source Files</Filter>
    </ClCompile>
    <ClCompile Include="src\Scene\I3SSceneLayer.cpp">
      <Filter>Source Files</Filter>
    </ClCompile>
    <ClCompile Include="src\Renderer\OverlayDrawList.cpp">
      <Filter>Source Files</Filter>
    </ClCompile>
    <ClCompile Include="src\Renderer\passes\OverlayPass.cpp">
      <Filter>Source Files</Filter>
    </ClCompile>
    <ClCompile Include="src\Platform\FileMapping.cpp">
      <Filter>Source Files</Filter>
    </ClCompile>
    <ClCompile Include="src\Loaders\Slpk\SlpkArchive.cpp">
      <Filter>Source Files</Filter>
    </ClCompile>
    <ClCompile Include="src\Loaders\Slpk\GeoAnchor.cpp">
      <Filter>Source Files</Filter>
    </ClCompile>
    <ClCompile Include="src\Loaders\Slpk\I3SLayer.cpp">
      <Filter>Source Files</Filter>
    </ClCompile>
    <ClCompile Include="headers\libs\libdeflate\lib\adler32.c">
      <Filter>Source Files</Filter>
    </ClCompile>
    <ClCompile Include="headers\libs\libdeflate\lib\crc32.c">
      <Filter>Source Files</Filter>
    </ClCompile>
    <ClCompile Include="headers\libs\libdeflate\lib\deflate_decompress.c">
      <Filter>Source Files</Filter>
    </ClCompile>
    <ClCompile Include="headers\libs\libdeflate\lib\gzip_decompress.c">
      <Filter>Source Files</Filter>
    </ClCompile>
    <ClCompile Include="headers\libs\libdeflate\lib\utils.c">
      <Filter>Source Files</Filter>
    </ClCompile>
    <ClCompile Include="headers\libs\libdeflate\lib\zlib_decompress.c">
      <Filter>Source Files</Filter>
    </ClCompile>
    <ClCompile Include="headers\libs\libdeflate\lib\x86\cpu_features.c">
      <Filter>Source Files</Filter>
    </ClCompile>
    <ClCompile Include="headers\libs\md5\md5.c">
      <Filter>Source Files</Filter>
    </ClCompile>
    <ClCompile Include="headers\libs\spirv_reflect\spirv_reflect.c">
      <Filter>Source Files</Filter>
    </ClCompile>
    <ClCompile Include="headers\libs\volk\volk.c">
      <Filter>Source Files</Filter>
    </ClCompile>
    <ClCompile Include="headers\libs\imgui\backends\imgui_impl_glfw.cpp">
      <Filter>Source Files</Filter>
    </ClCompile>
    <ClCompile Include="headers\libs\imgui\backends\imgui_impl_vulkan.cpp">
      <Filter>Source Files</Filter>
    </ClCompile>
    <ClCompile Include="headers\libs\imgui\imgui.cpp">
      <Filter>Source Files</Filter>
    </ClCompile>
    <ClCompile Include="headers\libs\imgui\imgui_draw.cpp">
      <Filter>Source Files</Filter>
    </ClCompile>
    <ClCompile Include="headers\libs\imgui\imgui_tables.cpp">
      <Filter>Source Files</Filter>
    </ClCompile>
    <ClCompile Include="headers\libs\imgui\imgui_widgets.cpp">
      <Filter>Source Files</Filter>
    </ClCompile>
    <ClCompile Include="headers\libs\imgui\imgui_style.cpp">
      <Filter>Source Files</Filter>
    </ClCompile>
    <ClCompile Include="src\Engine\StbImageImpl.cpp">
      <Filter>Source Files</Filter>
    </ClCompile>
    <ClCompile Include="headers\libs\portable-file-dialogs.h">
      <Filter>Source Files</Filter>
    </ClCompile>
    <ClCompile Include="src\Gui\GUI.cpp">
      <Filter>Source Files</Filter>
    </ClCompile>
    <ClCompile Include="src\Gui\CursorPreview3D.cpp">
      <Filter>Source Files</Filter>
    </ClCompile>
    <ClCompile Include="src\Loaders\PointCloudLoader.cpp">
      <Filter>Source Files</Filter>
    </ClCompile>
    <ClCompile Include="src\Engine\OctreePointCloudManager.cpp">
      <Filter>Source Files</Filter>
    </ClCompile>
    <ClCompile Include="src\Engine\Screenshot.cpp">
      <Filter>Source Files</Filter>
    </ClCompile>
    <ClCompile Include="src\Engine\XRSession.cpp">
      <Filter>Source Files</Filter>
    </ClCompile>
    <ClCompile Include="src\Engine\ShortcutManager.cpp">
      <Filter>Source Files</Filter>
    </ClCompile>
    <ClCompile Include="src\Engine\SpaceMouseInput.cpp">
      <Filter>Source Files</Filter>
    </ClCompile>
    <ClCompile Include="src\Engine\ThreeDConnexionSync.cpp">
      <Filter>Source Files</Filter>
    </ClCompile>
    <ClCompile Include="src\Core\SceneManager.cpp">
      <Filter>Source Files</Filter>
    </ClCompile>
    <ClCompile Include="src\Core\SnapshotManager.cpp">
      <Filter>Source Files</Filter>
    </ClCompile>
    <ClCompile Include="src\Core\UndoManager.cpp">
      <Filter>Source Files</Filter>
    </ClCompile>
    <ClCompile Include="src\Core\CursorSynchronizer.cpp">
      <Filter>Source Files</Filter>
    </ClCompile>
    <ClCompile Include="src\Cursors\CursorPresets.cpp">
      <Filter>Source Files</Filter>
    </ClCompile>
    <ClCompile Include="src\Cursors\Base\Cursor.cpp">
      <Filter>Source Files</Filter>
    </ClCompile>
    <ClCompile Include="src\Cursors\Base\CursorManager.cpp">
      <Filter>Source Files</Filter>
    </ClCompile>
    <ClCompile Include="src\Cursors\Types\FragmentCursor.cpp">
      <Filter>Source Files</Filter>
    </ClCompile>
    <ClCompile Include="src\Cursors\Types\PlaneCursor.cpp">
      <Filter>Source Files</Filter>
    </ClCompile>
    <ClCompile Include="src\Cursors\Types\SphereCursor.cpp">
      <Filter>Source Files</Filter>
    </ClCompile>
    <ClCompile Include="src\Tools\ClipPlaneTool.cpp">
      <Filter>Source Files</Filter>
    </ClCompile>
    <ClCompile Include="src\Tools\MeasurementTool.cpp">
      <Filter>Source Files</Filter>
    </ClCompile>
    <ClCompile Include="src\Tools\TransformGizmo.cpp">
      <Filter>Source Files</Filter>
    </ClCompile>
    <ClCompile Include="src\Plugins\PluginManager.cpp">
      <Filter>Source Files</Filter>
    </ClCompile>
    <ClCompile Include="src\Plugins\MeasurementPlugin.cpp">
      <Filter>Source Files</Filter>
    </ClCompile>
    <ClCompile Include="src\Plugins\Examples\CrosshairPlugin.cpp">
      <Filter>Source Files</Filter>
    </ClCompile>
    <ClCompile Include="src\Gui\GuiSystem.cpp">
      <Filter>Source Files</Filter>
    </ClCompile>
    <ClCompile Include="src\Gui\panels\ScenePanel.cpp">
      <Filter>Source Files</Filter>
    </ClCompile>
    <ClCompile Include="src\Gui\panels\InspectorPanel.cpp">
      <Filter>Source Files</Filter>
    </ClCompile>
    <ClCompile Include="src\Gui\panels\SettingsPanel.cpp">
      <Filter>Source Files</Filter>
    </ClCompile>
    <ClCompile Include="src\Gui\panels\CursorPanel.cpp">
      <Filter>Source Files</Filter>
    </ClCompile>
    <ClCompile Include="src\Gui\panels\PointCloudPanel.cpp">
      <Filter>Source Files</Filter>
    </ClCompile>
    <ClCompile Include="src\Gui\panels\ClipPlanePanel.cpp">
      <Filter>Source Files</Filter>
    </ClCompile>
    <ClCompile Include="src\Gui\panels\DiagnosticsPanel.cpp">
      <Filter>Source Files</Filter>
    </ClCompile>
    <ClCompile Include="src\Gui\panels\SlpkPanel.cpp">
      <Filter>Source Files</Filter>
    </ClCompile>
  </ItemGroup>
  <ItemGroup>
    <ClInclude Include="headers\App\Application.h">
      <Filter>Header Files</Filter>
    </ClInclude>
    <ClInclude Include="headers\Platform\Window.h">
      <Filter>Header Files</Filter>
    </ClInclude>
    <ClInclude Include="headers\RHI\Barrier.h">
      <Filter>Header Files</Filter>
    </ClInclude>
    <ClInclude Include="headers\RHI\Buffer.h">
      <Filter>Header Files</Filter>
    </ClInclude>
    <ClInclude Include="headers\RHI\DescriptorAllocator.h">
      <Filter>Header Files</Filter>
    </ClInclude>
    <ClInclude Include="headers\RHI\Device.h">
      <Filter>Header Files</Filter>
    </ClInclude>
    <ClInclude Include="headers\RHI\Pipeline.h">
      <Filter>Header Files</Filter>
    </ClInclude>
    <ClInclude Include="headers\RHI\ShaderCompiler.h">
      <Filter>Header Files</Filter>
    </ClInclude>
    <ClInclude Include="headers\RHI\Swapchain.h">
      <Filter>Header Files</Filter>
    </ClInclude>
    <ClInclude Include="headers\RHI\Texture.h">
      <Filter>Header Files</Filter>
    </ClInclude>
    <ClInclude Include="headers\RHI\Vma.h">
      <Filter>Header Files</Filter>
    </ClInclude>
    <ClInclude Include="headers\RHI\VulkanCommon.h">
      <Filter>Header Files</Filter>
    </ClInclude>
    <ClInclude Include="headers\Renderer\Projection.h">
      <Filter>Header Files</Filter>
    </ClInclude>
    <ClInclude Include="headers\Renderer\Renderer.h">
      <Filter>Header Files</Filter>
    </ClInclude>
    <ClInclude Include="headers\Renderer\passes\TonemapPass.h">
      <Filter>Header Files</Filter>
    </ClInclude>
    <ClInclude Include="headers\Renderer\passes\ShadowPass.h">
      <Filter>Header Files</Filter>
    </ClInclude>
    <ClInclude Include="headers\Renderer\passes\ForwardPass.h">
      <Filter>Header Files</Filter>
    </ClInclude>
    <ClInclude Include="headers\Renderer\passes\PointCloudPass.h">
      <Filter>Header Files</Filter>
    </ClInclude>
    <ClInclude Include="headers\Renderer\passes\SkyboxPass.h">
      <Filter>Header Files</Filter>
    </ClInclude>
    <ClInclude Include="headers\Renderer\FrameSubmission.h">
      <Filter>Header Files</Filter>
    </ClInclude>
    <ClInclude Include="headers\Renderer\GpuTypes.h">
      <Filter>Header Files</Filter>
    </ClInclude>
    <ClInclude Include="headers\Renderer\MaterialSystem.h">
      <Filter>Header Files</Filter>
    </ClInclude>
    <ClInclude Include="headers\Renderer\MeshBuffer.h">
      <Filter>Header Files</Filter>
    </ClInclude>
    <ClInclude Include="headers\Renderer\PointCloudGpu.h">
      <Filter>Header Files</Filter>
    </ClInclude>
    <ClInclude Include="headers\RHI\UploadRing.h">
      <Filter>Header Files</Filter>
    </ClInclude>
    <ClInclude Include="headers\Scene\Scene.h">
      <Filter>Header Files</Filter>
    </ClInclude>
    <ClInclude Include="headers\Platform\Paths.h">
      <Filter>Header Files</Filter>
    </ClInclude>
    <ClInclude Include="headers\Platform\FileMapping.h">
      <Filter>Header Files</Filter>
    </ClInclude>
    <ClInclude Include="headers\Loaders\PointCloudLoader.h">
      <Filter>Header Files</Filter>
    </ClInclude>
    <ClInclude Include="headers\Loaders\Slpk\SlpkArchive.h">
      <Filter>Header Files</Filter>
    </ClInclude>
    <ClInclude Include="headers\Loaders\Slpk\SlpkTypes.h">
      <Filter>Header Files</Filter>
    </ClInclude>
    <ClInclude Include="headers\Loaders\Slpk\GeoAnchor.h">
      <Filter>Header Files</Filter>
    </ClInclude>
    <ClInclude Include="headers\Loaders\Slpk\I3SLayer.h">
      <Filter>Header Files</Filter>
    </ClInclude>
    <ClInclude Include="headers\Scene\I3SSceneLayer.h">
      <Filter>Header Files</Filter>
    </ClInclude>
    <ClInclude Include="headers\Renderer\OverlayDrawList.h">
      <Filter>Header Files</Filter>
    </ClInclude>
    <ClInclude Include="headers\Renderer\passes\OverlayPass.h">
      <Filter>Header Files</Filter>
    </ClInclude>
    <ClInclude Include="headers\libs\spirv_reflect\spirv_reflect.h">
      <Filter>Header Files</Filter>
    </ClInclude>
    <ClInclude Include="headers\libs\volk\volk.h">
      <Filter>Header Files</Filter>
    </ClInclude>
    <ClInclude Include="headers\libs\vma\vk_mem_alloc.h">
      <Filter>Header Files</Filter>
    </ClInclude>
    <ClInclude Include="headers\Core\SceneManager.h">
      <Filter>Header Files</Filter>
    </ClInclude>
    <ClInclude Include="headers\Core\SnapshotManager.h">
      <Filter>Header Files</Filter>
    </ClInclude>
    <ClInclude Include="headers\Core\UndoManager.h">
      <Filter>Header Files</Filter>
    </ClInclude>
    <ClInclude Include="headers\Core\CursorSynchronizer.h">
      <Filter>Header Files</Filter>
    </ClInclude>
    <ClInclude Include="headers\Core\CursorSyncState.h">
      <Filter>Header Files</Filter>
    </ClInclude>
    <ClInclude Include="headers\Engine\XRSession.h">
      <Filter>Header Files</Filter>
    </ClInclude>
    <ClInclude Include="headers\engine\data.h">
      <Filter>Header Files</Filter>
    </ClInclude>
    <ClInclude Include="headers\Engine\OctreePointCloudManager.h">
      <Filter>Header Files</Filter>
    </ClInclude>
    <ClInclude Include="headers\Engine\ShortcutManager.h">
      <Filter>Header Files</Filter>
    </ClInclude>
    <ClInclude Include="headers\Engine\SpaceMouseInput.h">
      <Filter>Header Files</Filter>
    </ClInclude>
    <ClInclude Include="headers\Engine\ThreeDConnexionSync.h">
      <Filter>Header Files</Filter>
    </ClInclude>
    <ClInclude Include="headers\Engine\Screenshot.h">
      <Filter>Header Files</Filter>
    </ClInclude>
    <ClInclude Include="headers\Tools\ClipPlaneTool.h">
      <Filter>Header Files</Filter>
    </ClInclude>
    <ClInclude Include="headers\Tools\MeasurementTool.h">
      <Filter>Header Files</Filter>
    </ClInclude>
    <ClInclude Include="headers\Tools\TransformGizmo.h">
      <Filter>Header Files</Filter>
    </ClInclude>
    <ClInclude Include="headers\Plugins\Plugin.h">
      <Filter>Header Files</Filter>
    </ClInclude>
    <ClInclude Include="headers\Plugins\PluginContext.h">
      <Filter>Header Files</Filter>
    </ClInclude>
    <ClInclude Include="headers\Plugins\PluginManager.h">
      <Filter>Header Files</Filter>
    </ClInclude>
    <ClInclude Include="headers\Plugins\PluginRegistry.h">
      <Filter>Header Files</Filter>
    </ClInclude>
    <ClInclude Include="headers\Plugins\MeasurementPlugin.h">
      <Filter>Header Files</Filter>
    </ClInclude>
    <ClInclude Include="headers\Plugins\Examples\CrosshairPlugin.h">
      <Filter>Header Files</Filter>
    </ClInclude>
    <ClInclude Include="headers\libs\imgui\backends\imgui_impl_glfw.h">
      <Filter>Header Files</Filter>
    </ClInclude>
    <ClInclude Include="headers\libs\imgui\backends\imgui_impl_vulkan.h">
      <Filter>Header Files</Filter>
    </ClInclude>
    <ClInclude Include="headers\libs\imgui\imconfig.h">
      <Filter>Header Files</Filter>
    </ClInclude>
    <ClInclude Include="headers\libs\imgui\imgui.h">
      <Filter>Header Files</Filter>
    </ClInclude>
    <ClInclude Include="headers\libs\imgui\imgui_incl.h">
      <Filter>Header Files</Filter>
    </ClInclude>
    <ClInclude Include="headers\libs\imgui\imgui_internal.h">
      <Filter>Header Files</Filter>
    </ClInclude>
    <ClInclude Include="headers\libs\imgui\imgui_sytle.h">
      <Filter>Header Files</Filter>
    </ClInclude>
    <ClInclude Include="headers\libs\imgui\imstb_rectpack.h">
      <Filter>Header Files</Filter>
    </ClInclude>
    <ClInclude Include="headers\libs\imgui\imstb_textedit.h">
      <Filter>Header Files</Filter>
    </ClInclude>
    <ClInclude Include="headers\libs\imgui\imstb_truetype.h">
      <Filter>Header Files</Filter>
    </ClInclude>
    <ClInclude Include="headers\libs\json.h">
      <Filter>Header Files</Filter>
    </ClInclude>
    <ClInclude Include="headers\libs\openLinks.h">
      <Filter>Header Files</Filter>
    </ClInclude>
    <ClInclude Include="headers\libs\stb_image.h">
      <Filter>Header Files</Filter>
    </ClInclude>
    <ClInclude Include="headers\libs\libdeflate\libdeflate.h">
      <Filter>Header Files</Filter>
    </ClInclude>
    <ClInclude Include="headers\libs\libdeflate\common_defs.h">
      <Filter>Header Files</Filter>
    </ClInclude>
    <ClInclude Include="headers\libs\libdeflate\lib\cpu_features_common.h">
      <Filter>Header Files</Filter>
    </ClInclude>
    <ClInclude Include="headers\libs\libdeflate\lib\crc32_multipliers.h">
      <Filter>Header Files</Filter>
    </ClInclude>
    <ClInclude Include="headers\libs\libdeflate\lib\crc32_tables.h">
      <Filter>Header Files</Filter>
    </ClInclude>
    <ClInclude Include="headers\libs\libdeflate\lib\decompress_template.h">
      <Filter>Header Files</Filter>
    </ClInclude>
    <ClInclude Include="headers\libs\libdeflate\lib\deflate_constants.h">
      <Filter>Header Files</Filter>
    </ClInclude>
    <ClInclude Include="headers\libs\libdeflate\lib\gzip_constants.h">
      <Filter>Header Files</Filter>
    </ClInclude>
    <ClInclude Include="headers\libs\libdeflate\lib\lib_common.h">
      <Filter>Header Files</Filter>
    </ClInclude>
    <ClInclude Include="headers\libs\libdeflate\lib\zlib_constants.h">
      <Filter>Header Files</Filter>
    </ClInclude>
    <ClInclude Include="headers\libs\libdeflate\lib\x86\adler32_impl.h">
      <Filter>Header Files</Filter>
    </ClInclude>
    <ClInclude Include="headers\libs\libdeflate\lib\x86\adler32_template.h">
      <Filter>Header Files</Filter>
    </ClInclude>
    <ClInclude Include="headers\libs\libdeflate\lib\x86\cpu_features.h">
      <Filter>Header Files</Filter>
    </ClInclude>
    <ClInclude Include="headers\libs\libdeflate\lib\x86\crc32_impl.h">
      <Filter>Header Files</Filter>
    </ClInclude>
    <ClInclude Include="headers\libs\libdeflate\lib\x86\crc32_pclmul_template.h">
      <Filter>Header Files</Filter>
    </ClInclude>
    <ClInclude Include="headers\libs\libdeflate\lib\x86\decompress_impl.h">
      <Filter>Header Files</Filter>
    </ClInclude>
    <ClInclude Include="headers\libs\md5\md5.h">
      <Filter>Header Files</Filter>
    </ClInclude>
    <ClInclude Include="headers\Gui\Settings.h">
      <Filter>Header Files</Filter>
    </ClInclude>
    <ClInclude Include="headers\Gui\Services.h">
      <Filter>Header Files</Filter>
    </ClInclude>
    <ClInclude Include="headers\Gui\GuiSystem.h">
      <Filter>Header Files</Filter>
    </ClInclude>
    <ClInclude Include="headers\Gui\Panels.h">
      <Filter>Header Files</Filter>
    </ClInclude>
  </ItemGroup>
  <ItemGroup>
    <CustomBuild Include="assets\shaders_vk\mesh.vert">
      <Filter>Shaders</Filter>
    </CustomBuild>
    <CustomBuild Include="assets\shaders_vk\mesh.frag">
      <Filter>Shaders</Filter>
    </CustomBuild>
    <CustomBuild Include="assets\shaders_vk\depth_sun.vert">
      <Filter>Shaders</Filter>
    </CustomBuild>
    <CustomBuild Include="assets\shaders_vk\depth_point.vert">
      <Filter>Shaders</Filter>
    </CustomBuild>
    <CustomBuild Include="assets\shaders_vk\skybox.vert">
      <Filter>Shaders</Filter>
    </CustomBuild>
    <CustomBuild Include="assets\shaders_vk\skybox.frag">
      <Filter>Shaders</Filter>
    </CustomBuild>
    <CustomBuild Include="assets\shaders_vk\fullscreen.vert">
      <Filter>Shaders</Filter>
    </CustomBuild>
    <CustomBuild Include="assets\shaders_vk\tonemap.frag">
      <Filter>Shaders</Filter>
    </CustomBuild>
    <CustomBuild Include="assets\shaders_vk\pointcloud_rasterize.comp">
      <Filter>Shaders</Filter>
    </CustomBuild>
    <CustomBuild Include="assets\shaders_vk\pointcloud_lookup.comp">
      <Filter>Shaders</Filter>
    </CustomBuild>
    <CustomBuild Include="assets\shaders_vk\pointcloud_hqs_depth.comp">
      <Filter>Shaders</Filter>
    </CustomBuild>
    <CustomBuild Include="assets\shaders_vk\pointcloud_hqs_color.comp">
      <Filter>Shaders</Filter>
    </CustomBuild>
    <CustomBuild Include="assets\shaders_vk\pointcloud_resolve.frag">
      <Filter>Shaders</Filter>
    </CustomBuild>
    <CustomBuild Include="assets\shaders_vk\pointcloud_hqs_resolve.frag">
      <Filter>Shaders</Filter>
    </CustomBuild>
  </ItemGroup>
  <ItemGroup>
    <None Include="assets\shaders_vk\scene_types.h">
      <Filter>Shaders</Filter>
    </None>
    <None Include="assets\shaders_vk\pointcloud_types.h">
      <Filter>Shaders</Filter>
    </None>
    <None Include="assets\shaders_vk\pointcloud_common.glsl">
      <Filter>Shaders</Filter>
    </None>
  </ItemGroup>
  <ItemGroup>
  </ItemGroup>
</Project>
